// !$*UTF8*$!
{
	archiveVersion = 1;
	classes = {
	};
	objectVersion = 56;
	objects = {

/* Begin PBXBuildFile section */
		1601D0432BED0AD400DAE123 /* HomePresenter.swift in Sources */ = {isa = PBXBuildFile; fileRef = 1601D0422BED0AD400DAE123 /* HomePresenter.swift */; };
		1601D0452BF8BB6E00DAE123 /* ErrorDTO.swift in Sources */ = {isa = PBXBuildFile; fileRef = 1601D0442BF8BB6E00DAE123 /* ErrorDTO.swift */; };
		160BB3B02C0099F600CD6794 /* BookViewModel.swift in Sources */ = {isa = PBXBuildFile; fileRef = 160BB3AF2C0099F600CD6794 /* BookViewModel.swift */; };
		160BB3B22C009A8100CD6794 /* BookDetailPresenter.swift in Sources */ = {isa = PBXBuildFile; fileRef = 160BB3B12C009A8100CD6794 /* BookDetailPresenter.swift */; };
		160BB3B42C009B8B00CD6794 /* BookDetailScreen.swift in Sources */ = {isa = PBXBuildFile; fileRef = 160BB3B32C009B8B00CD6794 /* BookDetailScreen.swift */; };
		160BB3BC2C00EA3F00CD6794 /* Translation.swift in Sources */ = {isa = PBXBuildFile; fileRef = 160BB3BB2C00EA3F00CD6794 /* Translation.swift */; };
		160BB3BE2C00EB1B00CD6794 /* TranslationLanguageQueries.swift in Sources */ = {isa = PBXBuildFile; fileRef = 160BB3BD2C00EB1B00CD6794 /* TranslationLanguageQueries.swift */; };
		160BB3C02C00EDAE00CD6794 /* TranslationPresenter.swift in Sources */ = {isa = PBXBuildFile; fileRef = 160BB3BF2C00EDAE00CD6794 /* TranslationPresenter.swift */; };
		160BB3C22C00EDCB00CD6794 /* TranslationViewModel.swift in Sources */ = {isa = PBXBuildFile; fileRef = 160BB3C12C00EDCB00CD6794 /* TranslationViewModel.swift */; };
		160BB3C52C0113E800CD6794 /* LanguagePicker.swift in Sources */ = {isa = PBXBuildFile; fileRef = 160BB3C42C0113E800CD6794 /* LanguagePicker.swift */; };
		160BB3C72C01166A00CD6794 /* TranslationScreen.swift in Sources */ = {isa = PBXBuildFile; fileRef = 160BB3C62C01166A00CD6794 /* TranslationScreen.swift */; };
		160BB3C92C01279900CD6794 /* AddButton.swift in Sources */ = {isa = PBXBuildFile; fileRef = 160BB3C82C01279900CD6794 /* AddButton.swift */; };
		16810E832BFB5DF30082F746 /* Language.swift in Sources */ = {isa = PBXBuildFile; fileRef = 16810E822BFB5DF30082F746 /* Language.swift */; };
		16810E852BFB61070082F746 /* LanguageRequests.swift in Sources */ = {isa = PBXBuildFile; fileRef = 16810E842BFB61070082F746 /* LanguageRequests.swift */; };
		16810E872BFB61530082F746 /* LanguageRepositoryProtocol.swift in Sources */ = {isa = PBXBuildFile; fileRef = 16810E862BFB61530082F746 /* LanguageRepositoryProtocol.swift */; };
		16810E892BFB61750082F746 /* LanguageNetworkRespository.swift in Sources */ = {isa = PBXBuildFile; fileRef = 16810E882BFB61750082F746 /* LanguageNetworkRespository.swift */; };
		16810E8B2BFB61FE0082F746 /* LanguageServiceProtocol.swift in Sources */ = {isa = PBXBuildFile; fileRef = 16810E8A2BFB61FE0082F746 /* LanguageServiceProtocol.swift */; };
		16810E912BFB625F0082F746 /* LanguageService.swift in Sources */ = {isa = PBXBuildFile; fileRef = 16810E902BFB625F0082F746 /* LanguageService.swift */; };
		16810E932BFB62EA0082F746 /* MockLanguageService.swift in Sources */ = {isa = PBXBuildFile; fileRef = 16810E922BFB62EA0082F746 /* MockLanguageService.swift */; };
		16810E952BFB721F0082F746 /* FlashCardDetailScreen.swift in Sources */ = {isa = PBXBuildFile; fileRef = 16810E942BFB721F0082F746 /* FlashCardDetailScreen.swift */; };
		16810E972BFB72490082F746 /* FlashCardDetailPresenter.swift in Sources */ = {isa = PBXBuildFile; fileRef = 16810E962BFB72490082F746 /* FlashCardDetailPresenter.swift */; };
		16810E992BFB726D0082F746 /* FlashCardViewModel.swift in Sources */ = {isa = PBXBuildFile; fileRef = 16810E982BFB726D0082F746 /* FlashCardViewModel.swift */; };
		16810E9B2BFB7B0A0082F746 /* ListViewModel+Flashcard.swift in Sources */ = {isa = PBXBuildFile; fileRef = 16810E9A2BFB7B0A0082F746 /* ListViewModel+Flashcard.swift */; };
		16810E9D2BFB7D2C0082F746 /* PracticeScreen.swift in Sources */ = {isa = PBXBuildFile; fileRef = 16810E9C2BFB7D2C0082F746 /* PracticeScreen.swift */; };
		16810E9F2BFB7E770082F746 /* FlashCardPracticePresenter.swift in Sources */ = {isa = PBXBuildFile; fileRef = 16810E9E2BFB7E770082F746 /* FlashCardPracticePresenter.swift */; };
		16810EA12BFB7F700082F746 /* PracticeListViewModel.swift in Sources */ = {isa = PBXBuildFile; fileRef = 16810EA02BFB7F700082F746 /* PracticeListViewModel.swift */; };
		16810EA52BFBAE790082F746 /* StackPushModifiers.swift in Sources */ = {isa = PBXBuildFile; fileRef = 16810EA42BFBAE790082F746 /* StackPushModifiers.swift */; };
		16889D802BDCFDFD00E09A9C /* GenericBasicServiceProtocol.swift in Sources */ = {isa = PBXBuildFile; fileRef = 16889D7F2BDCFDFD00E09A9C /* GenericBasicServiceProtocol.swift */; };
		16889D822BDCFEB600E09A9C /* UserDTO.swift in Sources */ = {isa = PBXBuildFile; fileRef = 16889D812BDCFEB600E09A9C /* UserDTO.swift */; };
		16889D842BDD028C00E09A9C /* BookCellView.swift in Sources */ = {isa = PBXBuildFile; fileRef = 16889D832BDD028C00E09A9C /* BookCellView.swift */; };
		16889D862BDD02C200E09A9C /* DeckCellView.swift in Sources */ = {isa = PBXBuildFile; fileRef = 16889D852BDD02C200E09A9C /* DeckCellView.swift */; };
		16889D882BDD0AC200E09A9C /* AuthenticationViewModel.swift in Sources */ = {isa = PBXBuildFile; fileRef = 16889D872BDD0AC200E09A9C /* AuthenticationViewModel.swift */; };
		16889D8A2BDD0B0900E09A9C /* AuthenticationPresenter.swift in Sources */ = {isa = PBXBuildFile; fileRef = 16889D892BDD0B0900E09A9C /* AuthenticationPresenter.swift */; };
		16889D8C2BDD0D1600E09A9C /* User.swift in Sources */ = {isa = PBXBuildFile; fileRef = 16889D8B2BDD0D1600E09A9C /* User.swift */; };
		16889D8E2BDD0EB500E09A9C /* LoginView.swift in Sources */ = {isa = PBXBuildFile; fileRef = 16889D8D2BDD0EB500E09A9C /* LoginView.swift */; };
		16889D902BDD0F2B00E09A9C /* AuthScreen.swift in Sources */ = {isa = PBXBuildFile; fileRef = 16889D8F2BDD0F2B00E09A9C /* AuthScreen.swift */; };
		16889D922BDD109500E09A9C /* AuthenticationService.swift in Sources */ = {isa = PBXBuildFile; fileRef = 16889D912BDD109500E09A9C /* AuthenticationService.swift */; };
		16889D942BDD109F00E09A9C /* AuthenticationServiceProtocol.swift in Sources */ = {isa = PBXBuildFile; fileRef = 16889D932BDD109F00E09A9C /* AuthenticationServiceProtocol.swift */; };
		16889D962BDD141400E09A9C /* RegisterView.swift in Sources */ = {isa = PBXBuildFile; fileRef = 16889D952BDD141400E09A9C /* RegisterView.swift */; };
		16889D982BDD19EC00E09A9C /* MockAuthenticationService.swift in Sources */ = {isa = PBXBuildFile; fileRef = 16889D972BDD19EC00E09A9C /* MockAuthenticationService.swift */; };
		16889D9B2BDD1E0A00E09A9C /* FormLabelledField.swift in Sources */ = {isa = PBXBuildFile; fileRef = 16889D9A2BDD1E0A00E09A9C /* FormLabelledField.swift */; };
		16889DA82BDD218E00E09A9C /* PaginatedListViewPresenterProtocol.swift in Sources */ = {isa = PBXBuildFile; fileRef = 16889DA72BDD218E00E09A9C /* PaginatedListViewPresenterProtocol.swift */; };
		16889DAA2BDD22FD00E09A9C /* CreateDeckDTO.swift in Sources */ = {isa = PBXBuildFile; fileRef = 16889DA92BDD22FD00E09A9C /* CreateDeckDTO.swift */; };
		16889DAC2BDD242600E09A9C /* CreateBookDTO.swift in Sources */ = {isa = PBXBuildFile; fileRef = 16889DAB2BDD242600E09A9C /* CreateBookDTO.swift */; };
		16889DB02BDD2C1100E09A9C /* DeckViewModel.swift in Sources */ = {isa = PBXBuildFile; fileRef = 16889DAF2BDD2C1100E09A9C /* DeckViewModel.swift */; };
		16889DB22BDD2C5F00E09A9C /* DeckDetailPresenter.swift in Sources */ = {isa = PBXBuildFile; fileRef = 16889DB12BDD2C5F00E09A9C /* DeckDetailPresenter.swift */; };
		16889DB42BDD30CB00E09A9C /* DeckDetailScreen.swift in Sources */ = {isa = PBXBuildFile; fileRef = 16889DB32BDD30CB00E09A9C /* DeckDetailScreen.swift */; };
		16889DC22BDD509A00E09A9C /* DefaultRouterModifier.swift in Sources */ = {isa = PBXBuildFile; fileRef = 16889DC12BDD509900E09A9C /* DefaultRouterModifier.swift */; };
		16889DC42BDD52FB00E09A9C /* BaseViewModel.swift in Sources */ = {isa = PBXBuildFile; fileRef = 16889DC32BDD52FB00E09A9C /* BaseViewModel.swift */; };
		16889DC62BDD62AE00E09A9C /* FlashCardNetworkRepository.swift in Sources */ = {isa = PBXBuildFile; fileRef = 16889DC52BDD62AE00E09A9C /* FlashCardNetworkRepository.swift */; };
		168D56E42BD3CDFE0034AEA2 /* BetterFlashcardsApp.swift in Sources */ = {isa = PBXBuildFile; fileRef = 168D56E32BD3CDFE0034AEA2 /* BetterFlashcardsApp.swift */; };
		168D56E62BD3CDFE0034AEA2 /* HomeScreen.swift in Sources */ = {isa = PBXBuildFile; fileRef = 168D56E52BD3CDFE0034AEA2 /* HomeScreen.swift */; };
		168D56E82BD3CE010034AEA2 /* Assets.xcassets in Resources */ = {isa = PBXBuildFile; fileRef = 168D56E72BD3CE010034AEA2 /* Assets.xcassets */; };
		168D56EB2BD3CE010034AEA2 /* Preview Assets.xcassets in Resources */ = {isa = PBXBuildFile; fileRef = 168D56EA2BD3CE010034AEA2 /* Preview Assets.xcassets */; };
		168D56F52BD3CE010034AEA2 /* BetterFlashcardsTests.swift in Sources */ = {isa = PBXBuildFile; fileRef = 168D56F42BD3CE010034AEA2 /* BetterFlashcardsTests.swift */; };
		168D56FF2BD3CE010034AEA2 /* BetterFlashcardsUITests.swift in Sources */ = {isa = PBXBuildFile; fileRef = 168D56FE2BD3CE010034AEA2 /* BetterFlashcardsUITests.swift */; };
		168D57012BD3CE010034AEA2 /* BetterFlashcardsUITestsLaunchTests.swift in Sources */ = {isa = PBXBuildFile; fileRef = 168D57002BD3CE010034AEA2 /* BetterFlashcardsUITestsLaunchTests.swift */; };
		168D57122BD3CE3F0034AEA2 /* FlashCard.swift in Sources */ = {isa = PBXBuildFile; fileRef = 168D57112BD3CE3F0034AEA2 /* FlashCard.swift */; };
		168D57142BD3CEC00034AEA2 /* Deck.swift in Sources */ = {isa = PBXBuildFile; fileRef = 168D57132BD3CEC00034AEA2 /* Deck.swift */; };
		168D57162BD3CF1D0034AEA2 /* Book.swift in Sources */ = {isa = PBXBuildFile; fileRef = 168D57152BD3CF1D0034AEA2 /* Book.swift */; };
		168D571C2BD3CFAF0034AEA2 /* DeckRepositoryProtocol.swift in Sources */ = {isa = PBXBuildFile; fileRef = 168D571B2BD3CFAF0034AEA2 /* DeckRepositoryProtocol.swift */; };
		168D571E2BD3CFB90034AEA2 /* BookRepositoryProtocol.swift in Sources */ = {isa = PBXBuildFile; fileRef = 168D571D2BD3CFB90034AEA2 /* BookRepositoryProtocol.swift */; };
		168D57202BD3CFC40034AEA2 /* FlashCardRepositoryProtocol.swift in Sources */ = {isa = PBXBuildFile; fileRef = 168D571F2BD3CFC40034AEA2 /* FlashCardRepositoryProtocol.swift */; };
		168D57222BD3D0E40034AEA2 /* FlashCardPractice.swift in Sources */ = {isa = PBXBuildFile; fileRef = 168D57212BD3D0E40034AEA2 /* FlashCardPractice.swift */; };
		168D57282BD3D1C50034AEA2 /* AuthProtocols.swift in Sources */ = {isa = PBXBuildFile; fileRef = 168D57272BD3D1C50034AEA2 /* AuthProtocols.swift */; };
		168D572A2BD3D1D00034AEA2 /* DeckService.swift in Sources */ = {isa = PBXBuildFile; fileRef = 168D57292BD3D1D00034AEA2 /* DeckService.swift */; };
		168D572C2BD3D1D70034AEA2 /* BookService.swift in Sources */ = {isa = PBXBuildFile; fileRef = 168D572B2BD3D1D70034AEA2 /* BookService.swift */; };
		168D572E2BD3D1E10034AEA2 /* FlashCardService.swift in Sources */ = {isa = PBXBuildFile; fileRef = 168D572D2BD3D1E10034AEA2 /* FlashCardService.swift */; };
		168D57332BD3D2F00034AEA2 /* APIClient in Frameworks */ = {isa = PBXBuildFile; productRef = 168D57322BD3D2F00034AEA2 /* APIClient */; };
		168D57362BD3D3140034AEA2 /* DIContainer in Frameworks */ = {isa = PBXBuildFile; productRef = 168D57352BD3D3140034AEA2 /* DIContainer */; };
		168D57392BD3D33C0034AEA2 /* GRDBQuery in Frameworks */ = {isa = PBXBuildFile; productRef = 168D57382BD3D33C0034AEA2 /* GRDBQuery */; };
		168D573E2BD3D3F80034AEA2 /* DeckRequests.swift in Sources */ = {isa = PBXBuildFile; fileRef = 168D573D2BD3D3F80034AEA2 /* DeckRequests.swift */; };
		168D57402BD3D4420034AEA2 /* NetworkConstants.swift in Sources */ = {isa = PBXBuildFile; fileRef = 168D573F2BD3D4420034AEA2 /* NetworkConstants.swift */; };
		168D57422BD3D5D70034AEA2 /* FlashCardRequests.swift in Sources */ = {isa = PBXBuildFile; fileRef = 168D57412BD3D5D70034AEA2 /* FlashCardRequests.swift */; };
		168D57442BD3D9870034AEA2 /* BookRequests.swift in Sources */ = {isa = PBXBuildFile; fileRef = 168D57432BD3D9870034AEA2 /* BookRequests.swift */; };
		168D57462BD3DB5C0034AEA2 /* DeckNetworkRepository.swift in Sources */ = {isa = PBXBuildFile; fileRef = 168D57452BD3DB5C0034AEA2 /* DeckNetworkRepository.swift */; };
		168D57482BD3DD1F0034AEA2 /* BaseNetworking.swift in Sources */ = {isa = PBXBuildFile; fileRef = 168D57472BD3DD1F0034AEA2 /* BaseNetworking.swift */; };
		168D574A2BD3DD400034AEA2 /* BookNetworkRepository.swift in Sources */ = {isa = PBXBuildFile; fileRef = 168D57492BD3DD400034AEA2 /* BookNetworkRepository.swift */; };
		168D574E2BD3DFC90034AEA2 /* AuthProvider.swift in Sources */ = {isa = PBXBuildFile; fileRef = 168D574D2BD3DFC90034AEA2 /* AuthProvider.swift */; };
		168D57502BD3DFEC0034AEA2 /* AuthRequests.swift in Sources */ = {isa = PBXBuildFile; fileRef = 168D574F2BD3DFEC0034AEA2 /* AuthRequests.swift */; };
		168D57532BD3E04B0034AEA2 /* LoginResponseDTO.swift in Sources */ = {isa = PBXBuildFile; fileRef = 168D57522BD3E04B0034AEA2 /* LoginResponseDTO.swift */; };
		168D57552BD3E2930034AEA2 /* KeychainWrapper.swift in Sources */ = {isa = PBXBuildFile; fileRef = 168D57542BD3E2930034AEA2 /* KeychainWrapper.swift */; };
		168D57582BD3E2BA0034AEA2 /* KeychainOptions.swift in Sources */ = {isa = PBXBuildFile; fileRef = 168D57572BD3E2BA0034AEA2 /* KeychainOptions.swift */; };
		168D575B2BD3E35C0034AEA2 /* KeychainKeys.swift in Sources */ = {isa = PBXBuildFile; fileRef = 168D575A2BD3E35C0034AEA2 /* KeychainKeys.swift */; };
		168D575E2BD3E4880034AEA2 /* AuthError.swift in Sources */ = {isa = PBXBuildFile; fileRef = 168D575D2BD3E4880034AEA2 /* AuthError.swift */; };
		168D57622BD3E6880034AEA2 /* DI.swift in Sources */ = {isa = PBXBuildFile; fileRef = 168D57612BD3E6880034AEA2 /* DI.swift */; };
		168D57662BD3E9A90034AEA2 /* EnvironmentValues.swift in Sources */ = {isa = PBXBuildFile; fileRef = 168D57652BD3E9A90034AEA2 /* EnvironmentValues.swift */; };
		168D57682BD3EB8A0034AEA2 /* BookListPresenter.swift in Sources */ = {isa = PBXBuildFile; fileRef = 168D57672BD3EB8A0034AEA2 /* BookListPresenter.swift */; };
		168D576A2BD3EBB50034AEA2 /* BookListScreen.swift in Sources */ = {isa = PBXBuildFile; fileRef = 168D57692BD3EBB50034AEA2 /* BookListScreen.swift */; };
		168D576D2BD3EFC30034AEA2 /* MockDeckService.swift in Sources */ = {isa = PBXBuildFile; fileRef = 168D576C2BD3EFC30034AEA2 /* MockDeckService.swift */; };
		168D576F2BD3EFD00034AEA2 /* MockBookService.swift in Sources */ = {isa = PBXBuildFile; fileRef = 168D576E2BD3EFD00034AEA2 /* MockBookService.swift */; };
		168D57712BD3EFD90034AEA2 /* MockFlashCardService.swift in Sources */ = {isa = PBXBuildFile; fileRef = 168D57702BD3EFD90034AEA2 /* MockFlashCardService.swift */; };
		168D57742BD3F0040034AEA2 /* DeckServiceProtocol.swift in Sources */ = {isa = PBXBuildFile; fileRef = 168D57732BD3F0040034AEA2 /* DeckServiceProtocol.swift */; };
		168D57762BD3F00D0034AEA2 /* BookServiceProtocol.swift in Sources */ = {isa = PBXBuildFile; fileRef = 168D57752BD3F00D0034AEA2 /* BookServiceProtocol.swift */; };
		168D57782BD3F0150034AEA2 /* FlashCardServiceProtocol.swift in Sources */ = {isa = PBXBuildFile; fileRef = 168D57772BD3F0150034AEA2 /* FlashCardServiceProtocol.swift */; };
		16A577302BECFCD300C410FD /* CreatedDTO.swift in Sources */ = {isa = PBXBuildFile; fileRef = 16A5772F2BECFCD300C410FD /* CreatedDTO.swift */; };
		16A577322BECFE4E00C410FD /* VerifyDTO.swift in Sources */ = {isa = PBXBuildFile; fileRef = 16A577312BECFE4E00C410FD /* VerifyDTO.swift */; };
		16A577342BECFE6800C410FD /* RefreshDTO.swift in Sources */ = {isa = PBXBuildFile; fileRef = 16A577332BECFE6800C410FD /* RefreshDTO.swift */; };
		16E89E3C2BDD6B2700BFC761 /* FlashCardPracticeDTO.swift in Sources */ = {isa = PBXBuildFile; fileRef = 16E89E3B2BDD6B2700BFC761 /* FlashCardPracticeDTO.swift */; };
		16E89E412BDD713800BFC761 /* FlashCardListPresenter.swift in Sources */ = {isa = PBXBuildFile; fileRef = 16E89E402BDD713800BFC761 /* FlashCardListPresenter.swift */; };
		16E89E432BDD725200BFC761 /* CardList.swift in Sources */ = {isa = PBXBuildFile; fileRef = 16E89E422BDD725200BFC761 /* CardList.swift */; };
		16E89E452BDD73A800BFC761 /* FlashCardGridCell.swift in Sources */ = {isa = PBXBuildFile; fileRef = 16E89E442BDD73A800BFC761 /* FlashCardGridCell.swift */; };
		16E89E4C2BE79EFB00BFC761 /* AuthStore.swift in Sources */ = {isa = PBXBuildFile; fileRef = 16E89E4B2BE79EFB00BFC761 /* AuthStore.swift */; };
		16E89E4E2BE7AB9D00BFC761 /* ListDTO.swift in Sources */ = {isa = PBXBuildFile; fileRef = 16E89E4D2BE7AB9D00BFC761 /* ListDTO.swift */; };
		16E89E502BE7AD8500BFC761 /* PaginatedList.swift in Sources */ = {isa = PBXBuildFile; fileRef = 16E89E4F2BE7AD8500BFC761 /* PaginatedList.swift */; };
		16E89E522BE7B0A700BFC761 /* PaginationQueryDTO.swift in Sources */ = {isa = PBXBuildFile; fileRef = 16E89E512BE7B0A700BFC761 /* PaginationQueryDTO.swift */; };
		16E89E542BE7BABF00BFC761 /* FlashCardDTO.swift in Sources */ = {isa = PBXBuildFile; fileRef = 16E89E532BE7BABF00BFC761 /* FlashCardDTO.swift */; };
		16F31DE02BD5936F00BCC67B /* ServiceError.swift in Sources */ = {isa = PBXBuildFile; fileRef = 16F31DDF2BD5936F00BCC67B /* ServiceError.swift */; };
		16F31DE32BD598CA00BCC67B /* IdentifiedCollections in Frameworks */ = {isa = PBXBuildFile; productRef = 16F31DE22BD598CA00BCC67B /* IdentifiedCollections */; };
		16F31DE72BD5AD5700BCC67B /* DeckListPresenter.swift in Sources */ = {isa = PBXBuildFile; fileRef = 16F31DE62BD5AD5700BCC67B /* DeckListPresenter.swift */; };
		16F31DEB2BD5ADF100BCC67B /* DeckListScreen.swift in Sources */ = {isa = PBXBuildFile; fileRef = 16F31DEA2BD5ADF100BCC67B /* DeckListScreen.swift */; };
		16F31DEF2BD5BEE200BCC67B /* ListView.swift in Sources */ = {isa = PBXBuildFile; fileRef = 16F31DEE2BD5BEE200BCC67B /* ListView.swift */; };
		16F31DF12BD5C4D400BCC67B /* ListViewModel.swift in Sources */ = {isa = PBXBuildFile; fileRef = 16F31DF02BD5C4D400BCC67B /* ListViewModel.swift */; };
/* End PBXBuildFile section */

/* Begin PBXContainerItemProxy section */
		168D56F12BD3CE010034AEA2 /* PBXContainerItemProxy */ = {
			isa = PBXContainerItemProxy;
			containerPortal = 168D56D82BD3CDFE0034AEA2 /* Project object */;
			proxyType = 1;
			remoteGlobalIDString = 168D56DF2BD3CDFE0034AEA2;
			remoteInfo = BetterFlashcards;
		};
		168D56FB2BD3CE010034AEA2 /* PBXContainerItemProxy */ = {
			isa = PBXContainerItemProxy;
			containerPortal = 168D56D82BD3CDFE0034AEA2 /* Project object */;
			proxyType = 1;
			remoteGlobalIDString = 168D56DF2BD3CDFE0034AEA2;
			remoteInfo = BetterFlashcards;
		};
/* End PBXContainerItemProxy section */

/* Begin PBXFileReference section */
		1601D0422BED0AD400DAE123 /* HomePresenter.swift */ = {isa = PBXFileReference; lastKnownFileType = sourcecode.swift; path = HomePresenter.swift; sourceTree = "<group>"; };
		1601D0442BF8BB6E00DAE123 /* ErrorDTO.swift */ = {isa = PBXFileReference; lastKnownFileType = sourcecode.swift; path = ErrorDTO.swift; sourceTree = "<group>"; };
		160BB3AF2C0099F600CD6794 /* BookViewModel.swift */ = {isa = PBXFileReference; lastKnownFileType = sourcecode.swift; path = BookViewModel.swift; sourceTree = "<group>"; };
		160BB3B12C009A8100CD6794 /* BookDetailPresenter.swift */ = {isa = PBXFileReference; lastKnownFileType = sourcecode.swift; path = BookDetailPresenter.swift; sourceTree = "<group>"; };
		160BB3B32C009B8B00CD6794 /* BookDetailScreen.swift */ = {isa = PBXFileReference; lastKnownFileType = sourcecode.swift; path = BookDetailScreen.swift; sourceTree = "<group>"; };
		160BB3BB2C00EA3F00CD6794 /* Translation.swift */ = {isa = PBXFileReference; lastKnownFileType = sourcecode.swift; path = Translation.swift; sourceTree = "<group>"; };
		160BB3BD2C00EB1B00CD6794 /* TranslationLanguageQueries.swift */ = {isa = PBXFileReference; lastKnownFileType = sourcecode.swift; path = TranslationLanguageQueries.swift; sourceTree = "<group>"; };
		160BB3BF2C00EDAE00CD6794 /* TranslationPresenter.swift */ = {isa = PBXFileReference; lastKnownFileType = sourcecode.swift; path = TranslationPresenter.swift; sourceTree = "<group>"; };
		160BB3C12C00EDCB00CD6794 /* TranslationViewModel.swift */ = {isa = PBXFileReference; lastKnownFileType = sourcecode.swift; path = TranslationViewModel.swift; sourceTree = "<group>"; };
		160BB3C42C0113E800CD6794 /* LanguagePicker.swift */ = {isa = PBXFileReference; lastKnownFileType = sourcecode.swift; path = LanguagePicker.swift; sourceTree = "<group>"; };
		160BB3C62C01166A00CD6794 /* TranslationScreen.swift */ = {isa = PBXFileReference; lastKnownFileType = sourcecode.swift; path = TranslationScreen.swift; sourceTree = "<group>"; };
		160BB3C82C01279900CD6794 /* AddButton.swift */ = {isa = PBXFileReference; lastKnownFileType = sourcecode.swift; path = AddButton.swift; sourceTree = "<group>"; };
		16810E822BFB5DF30082F746 /* Language.swift */ = {isa = PBXFileReference; lastKnownFileType = sourcecode.swift; path = Language.swift; sourceTree = "<group>"; };
		16810E842BFB61070082F746 /* LanguageRequests.swift */ = {isa = PBXFileReference; lastKnownFileType = sourcecode.swift; path = LanguageRequests.swift; sourceTree = "<group>"; };
		16810E862BFB61530082F746 /* LanguageRepositoryProtocol.swift */ = {isa = PBXFileReference; lastKnownFileType = sourcecode.swift; path = LanguageRepositoryProtocol.swift; sourceTree = "<group>"; };
		16810E882BFB61750082F746 /* LanguageNetworkRespository.swift */ = {isa = PBXFileReference; lastKnownFileType = sourcecode.swift; path = LanguageNetworkRespository.swift; sourceTree = "<group>"; };
		16810E8A2BFB61FE0082F746 /* LanguageServiceProtocol.swift */ = {isa = PBXFileReference; lastKnownFileType = sourcecode.swift; path = LanguageServiceProtocol.swift; sourceTree = "<group>"; };
		16810E902BFB625F0082F746 /* LanguageService.swift */ = {isa = PBXFileReference; lastKnownFileType = sourcecode.swift; path = LanguageService.swift; sourceTree = "<group>"; };
		16810E922BFB62EA0082F746 /* MockLanguageService.swift */ = {isa = PBXFileReference; lastKnownFileType = sourcecode.swift; path = MockLanguageService.swift; sourceTree = "<group>"; };
		16810E942BFB721F0082F746 /* FlashCardDetailScreen.swift */ = {isa = PBXFileReference; lastKnownFileType = sourcecode.swift; path = FlashCardDetailScreen.swift; sourceTree = "<group>"; };
		16810E962BFB72490082F746 /* FlashCardDetailPresenter.swift */ = {isa = PBXFileReference; lastKnownFileType = sourcecode.swift; path = FlashCardDetailPresenter.swift; sourceTree = "<group>"; };
		16810E982BFB726D0082F746 /* FlashCardViewModel.swift */ = {isa = PBXFileReference; lastKnownFileType = sourcecode.swift; path = FlashCardViewModel.swift; sourceTree = "<group>"; };
		16810E9A2BFB7B0A0082F746 /* ListViewModel+Flashcard.swift */ = {isa = PBXFileReference; lastKnownFileType = sourcecode.swift; path = "ListViewModel+Flashcard.swift"; sourceTree = "<group>"; };
		16810E9C2BFB7D2C0082F746 /* PracticeScreen.swift */ = {isa = PBXFileReference; lastKnownFileType = sourcecode.swift; path = PracticeScreen.swift; sourceTree = "<group>"; };
		16810E9E2BFB7E770082F746 /* FlashCardPracticePresenter.swift */ = {isa = PBXFileReference; lastKnownFileType = sourcecode.swift; path = FlashCardPracticePresenter.swift; sourceTree = "<group>"; };
		16810EA02BFB7F700082F746 /* PracticeListViewModel.swift */ = {isa = PBXFileReference; lastKnownFileType = sourcecode.swift; path = PracticeListViewModel.swift; sourceTree = "<group>"; };
		16810EA42BFBAE790082F746 /* StackPushModifiers.swift */ = {isa = PBXFileReference; lastKnownFileType = sourcecode.swift; path = StackPushModifiers.swift; sourceTree = "<group>"; };
		16889D7F2BDCFDFD00E09A9C /* GenericBasicServiceProtocol.swift */ = {isa = PBXFileReference; lastKnownFileType = sourcecode.swift; path = GenericBasicServiceProtocol.swift; sourceTree = "<group>"; };
		16889D812BDCFEB600E09A9C /* UserDTO.swift */ = {isa = PBXFileReference; lastKnownFileType = sourcecode.swift; path = UserDTO.swift; sourceTree = "<group>"; };
		16889D832BDD028C00E09A9C /* BookCellView.swift */ = {isa = PBXFileReference; lastKnownFileType = sourcecode.swift; path = BookCellView.swift; sourceTree = "<group>"; };
		16889D852BDD02C200E09A9C /* DeckCellView.swift */ = {isa = PBXFileReference; lastKnownFileType = sourcecode.swift; path = DeckCellView.swift; sourceTree = "<group>"; };
		16889D872BDD0AC200E09A9C /* AuthenticationViewModel.swift */ = {isa = PBXFileReference; lastKnownFileType = sourcecode.swift; path = AuthenticationViewModel.swift; sourceTree = "<group>"; };
		16889D892BDD0B0900E09A9C /* AuthenticationPresenter.swift */ = {isa = PBXFileReference; lastKnownFileType = sourcecode.swift; path = AuthenticationPresenter.swift; sourceTree = "<group>"; };
		16889D8B2BDD0D1600E09A9C /* User.swift */ = {isa = PBXFileReference; lastKnownFileType = sourcecode.swift; path = User.swift; sourceTree = "<group>"; };
		16889D8D2BDD0EB500E09A9C /* LoginView.swift */ = {isa = PBXFileReference; lastKnownFileType = sourcecode.swift; path = LoginView.swift; sourceTree = "<group>"; };
		16889D8F2BDD0F2B00E09A9C /* AuthScreen.swift */ = {isa = PBXFileReference; lastKnownFileType = sourcecode.swift; path = AuthScreen.swift; sourceTree = "<group>"; };
		16889D912BDD109500E09A9C /* AuthenticationService.swift */ = {isa = PBXFileReference; lastKnownFileType = sourcecode.swift; path = AuthenticationService.swift; sourceTree = "<group>"; };
		16889D932BDD109F00E09A9C /* AuthenticationServiceProtocol.swift */ = {isa = PBXFileReference; lastKnownFileType = sourcecode.swift; path = AuthenticationServiceProtocol.swift; sourceTree = "<group>"; };
		16889D952BDD141400E09A9C /* RegisterView.swift */ = {isa = PBXFileReference; lastKnownFileType = sourcecode.swift; path = RegisterView.swift; sourceTree = "<group>"; };
		16889D972BDD19EC00E09A9C /* MockAuthenticationService.swift */ = {isa = PBXFileReference; lastKnownFileType = sourcecode.swift; path = MockAuthenticationService.swift; sourceTree = "<group>"; };
		16889D9A2BDD1E0A00E09A9C /* FormLabelledField.swift */ = {isa = PBXFileReference; lastKnownFileType = sourcecode.swift; path = FormLabelledField.swift; sourceTree = "<group>"; };
		16889DA72BDD218E00E09A9C /* PaginatedListViewPresenterProtocol.swift */ = {isa = PBXFileReference; lastKnownFileType = sourcecode.swift; path = PaginatedListViewPresenterProtocol.swift; sourceTree = "<group>"; };
		16889DA92BDD22FD00E09A9C /* CreateDeckDTO.swift */ = {isa = PBXFileReference; lastKnownFileType = sourcecode.swift; path = CreateDeckDTO.swift; sourceTree = "<group>"; };
		16889DAB2BDD242600E09A9C /* CreateBookDTO.swift */ = {isa = PBXFileReference; lastKnownFileType = sourcecode.swift; path = CreateBookDTO.swift; sourceTree = "<group>"; };
		16889DAF2BDD2C1100E09A9C /* DeckViewModel.swift */ = {isa = PBXFileReference; lastKnownFileType = sourcecode.swift; path = DeckViewModel.swift; sourceTree = "<group>"; };
		16889DB12BDD2C5F00E09A9C /* DeckDetailPresenter.swift */ = {isa = PBXFileReference; lastKnownFileType = sourcecode.swift; path = DeckDetailPresenter.swift; sourceTree = "<group>"; };
		16889DB32BDD30CB00E09A9C /* DeckDetailScreen.swift */ = {isa = PBXFileReference; lastKnownFileType = sourcecode.swift; path = DeckDetailScreen.swift; sourceTree = "<group>"; };
		16889DC12BDD509900E09A9C /* DefaultRouterModifier.swift */ = {isa = PBXFileReference; lastKnownFileType = sourcecode.swift; path = DefaultRouterModifier.swift; sourceTree = "<group>"; };
		16889DC32BDD52FB00E09A9C /* BaseViewModel.swift */ = {isa = PBXFileReference; lastKnownFileType = sourcecode.swift; path = BaseViewModel.swift; sourceTree = "<group>"; };
		16889DC52BDD62AE00E09A9C /* FlashCardNetworkRepository.swift */ = {isa = PBXFileReference; lastKnownFileType = sourcecode.swift; path = FlashCardNetworkRepository.swift; sourceTree = "<group>"; };
		168D56E02BD3CDFE0034AEA2 /* BetterFlashcards.app */ = {isa = PBXFileReference; explicitFileType = wrapper.application; includeInIndex = 0; path = BetterFlashcards.app; sourceTree = BUILT_PRODUCTS_DIR; };
		168D56E32BD3CDFE0034AEA2 /* BetterFlashcardsApp.swift */ = {isa = PBXFileReference; lastKnownFileType = sourcecode.swift; path = BetterFlashcardsApp.swift; sourceTree = "<group>"; };
		168D56E52BD3CDFE0034AEA2 /* HomeScreen.swift */ = {isa = PBXFileReference; lastKnownFileType = sourcecode.swift; path = HomeScreen.swift; sourceTree = "<group>"; };
		168D56E72BD3CE010034AEA2 /* Assets.xcassets */ = {isa = PBXFileReference; lastKnownFileType = folder.assetcatalog; path = Assets.xcassets; sourceTree = "<group>"; };
		168D56EA2BD3CE010034AEA2 /* Preview Assets.xcassets */ = {isa = PBXFileReference; lastKnownFileType = folder.assetcatalog; path = "Preview Assets.xcassets"; sourceTree = "<group>"; };
		168D56F02BD3CE010034AEA2 /* BetterFlashcardsTests.xctest */ = {isa = PBXFileReference; explicitFileType = wrapper.cfbundle; includeInIndex = 0; path = BetterFlashcardsTests.xctest; sourceTree = BUILT_PRODUCTS_DIR; };
		168D56F42BD3CE010034AEA2 /* BetterFlashcardsTests.swift */ = {isa = PBXFileReference; lastKnownFileType = sourcecode.swift; path = BetterFlashcardsTests.swift; sourceTree = "<group>"; };
		168D56FA2BD3CE010034AEA2 /* BetterFlashcardsUITests.xctest */ = {isa = PBXFileReference; explicitFileType = wrapper.cfbundle; includeInIndex = 0; path = BetterFlashcardsUITests.xctest; sourceTree = BUILT_PRODUCTS_DIR; };
		168D56FE2BD3CE010034AEA2 /* BetterFlashcardsUITests.swift */ = {isa = PBXFileReference; lastKnownFileType = sourcecode.swift; path = BetterFlashcardsUITests.swift; sourceTree = "<group>"; };
		168D57002BD3CE010034AEA2 /* BetterFlashcardsUITestsLaunchTests.swift */ = {isa = PBXFileReference; lastKnownFileType = sourcecode.swift; path = BetterFlashcardsUITestsLaunchTests.swift; sourceTree = "<group>"; };
		168D57112BD3CE3F0034AEA2 /* FlashCard.swift */ = {isa = PBXFileReference; lastKnownFileType = sourcecode.swift; path = FlashCard.swift; sourceTree = "<group>"; };
		168D57132BD3CEC00034AEA2 /* Deck.swift */ = {isa = PBXFileReference; lastKnownFileType = sourcecode.swift; path = Deck.swift; sourceTree = "<group>"; };
		168D57152BD3CF1D0034AEA2 /* Book.swift */ = {isa = PBXFileReference; lastKnownFileType = sourcecode.swift; path = Book.swift; sourceTree = "<group>"; };
		168D571B2BD3CFAF0034AEA2 /* DeckRepositoryProtocol.swift */ = {isa = PBXFileReference; lastKnownFileType = sourcecode.swift; path = DeckRepositoryProtocol.swift; sourceTree = "<group>"; };
		168D571D2BD3CFB90034AEA2 /* BookRepositoryProtocol.swift */ = {isa = PBXFileReference; lastKnownFileType = sourcecode.swift; path = BookRepositoryProtocol.swift; sourceTree = "<group>"; };
		168D571F2BD3CFC40034AEA2 /* FlashCardRepositoryProtocol.swift */ = {isa = PBXFileReference; lastKnownFileType = sourcecode.swift; path = FlashCardRepositoryProtocol.swift; sourceTree = "<group>"; };
		168D57212BD3D0E40034AEA2 /* FlashCardPractice.swift */ = {isa = PBXFileReference; lastKnownFileType = sourcecode.swift; path = FlashCardPractice.swift; sourceTree = "<group>"; };
		168D57272BD3D1C50034AEA2 /* AuthProtocols.swift */ = {isa = PBXFileReference; lastKnownFileType = sourcecode.swift; path = AuthProtocols.swift; sourceTree = "<group>"; };
		168D57292BD3D1D00034AEA2 /* DeckService.swift */ = {isa = PBXFileReference; lastKnownFileType = sourcecode.swift; path = DeckService.swift; sourceTree = "<group>"; };
		168D572B2BD3D1D70034AEA2 /* BookService.swift */ = {isa = PBXFileReference; lastKnownFileType = sourcecode.swift; path = BookService.swift; sourceTree = "<group>"; };
		168D572D2BD3D1E10034AEA2 /* FlashCardService.swift */ = {isa = PBXFileReference; lastKnownFileType = sourcecode.swift; path = FlashCardService.swift; sourceTree = "<group>"; };
		168D573D2BD3D3F80034AEA2 /* DeckRequests.swift */ = {isa = PBXFileReference; lastKnownFileType = sourcecode.swift; path = DeckRequests.swift; sourceTree = "<group>"; };
		168D573F2BD3D4420034AEA2 /* NetworkConstants.swift */ = {isa = PBXFileReference; lastKnownFileType = sourcecode.swift; path = NetworkConstants.swift; sourceTree = "<group>"; };
		168D57412BD3D5D70034AEA2 /* FlashCardRequests.swift */ = {isa = PBXFileReference; lastKnownFileType = sourcecode.swift; path = FlashCardRequests.swift; sourceTree = "<group>"; };
		168D57432BD3D9870034AEA2 /* BookRequests.swift */ = {isa = PBXFileReference; lastKnownFileType = sourcecode.swift; path = BookRequests.swift; sourceTree = "<group>"; };
		168D57452BD3DB5C0034AEA2 /* DeckNetworkRepository.swift */ = {isa = PBXFileReference; lastKnownFileType = sourcecode.swift; path = DeckNetworkRepository.swift; sourceTree = "<group>"; };
		168D57472BD3DD1F0034AEA2 /* BaseNetworking.swift */ = {isa = PBXFileReference; lastKnownFileType = sourcecode.swift; path = BaseNetworking.swift; sourceTree = "<group>"; };
		168D57492BD3DD400034AEA2 /* BookNetworkRepository.swift */ = {isa = PBXFileReference; lastKnownFileType = sourcecode.swift; path = BookNetworkRepository.swift; sourceTree = "<group>"; };
		168D574D2BD3DFC90034AEA2 /* AuthProvider.swift */ = {isa = PBXFileReference; lastKnownFileType = sourcecode.swift; path = AuthProvider.swift; sourceTree = "<group>"; };
		168D574F2BD3DFEC0034AEA2 /* AuthRequests.swift */ = {isa = PBXFileReference; lastKnownFileType = sourcecode.swift; path = AuthRequests.swift; sourceTree = "<group>"; };
		168D57522BD3E04B0034AEA2 /* LoginResponseDTO.swift */ = {isa = PBXFileReference; lastKnownFileType = sourcecode.swift; path = LoginResponseDTO.swift; sourceTree = "<group>"; };
		168D57542BD3E2930034AEA2 /* KeychainWrapper.swift */ = {isa = PBXFileReference; lastKnownFileType = sourcecode.swift; path = KeychainWrapper.swift; sourceTree = "<group>"; };
		168D57572BD3E2BA0034AEA2 /* KeychainOptions.swift */ = {isa = PBXFileReference; lastKnownFileType = sourcecode.swift; path = KeychainOptions.swift; sourceTree = "<group>"; };
		168D575A2BD3E35C0034AEA2 /* KeychainKeys.swift */ = {isa = PBXFileReference; lastKnownFileType = sourcecode.swift; path = KeychainKeys.swift; sourceTree = "<group>"; };
		168D575D2BD3E4880034AEA2 /* AuthError.swift */ = {isa = PBXFileReference; lastKnownFileType = sourcecode.swift; path = AuthError.swift; sourceTree = "<group>"; };
		168D57612BD3E6880034AEA2 /* DI.swift */ = {isa = PBXFileReference; lastKnownFileType = sourcecode.swift; path = DI.swift; sourceTree = "<group>"; };
		168D57652BD3E9A90034AEA2 /* EnvironmentValues.swift */ = {isa = PBXFileReference; lastKnownFileType = sourcecode.swift; path = EnvironmentValues.swift; sourceTree = "<group>"; };
		168D57672BD3EB8A0034AEA2 /* BookListPresenter.swift */ = {isa = PBXFileReference; lastKnownFileType = sourcecode.swift; path = BookListPresenter.swift; sourceTree = "<group>"; };
		168D57692BD3EBB50034AEA2 /* BookListScreen.swift */ = {isa = PBXFileReference; lastKnownFileType = sourcecode.swift; path = BookListScreen.swift; sourceTree = "<group>"; };
		168D576C2BD3EFC30034AEA2 /* MockDeckService.swift */ = {isa = PBXFileReference; lastKnownFileType = sourcecode.swift; path = MockDeckService.swift; sourceTree = "<group>"; };
		168D576E2BD3EFD00034AEA2 /* MockBookService.swift */ = {isa = PBXFileReference; lastKnownFileType = sourcecode.swift; path = MockBookService.swift; sourceTree = "<group>"; };
		168D57702BD3EFD90034AEA2 /* MockFlashCardService.swift */ = {isa = PBXFileReference; lastKnownFileType = sourcecode.swift; path = MockFlashCardService.swift; sourceTree = "<group>"; };
		168D57732BD3F0040034AEA2 /* DeckServiceProtocol.swift */ = {isa = PBXFileReference; lastKnownFileType = sourcecode.swift; path = DeckServiceProtocol.swift; sourceTree = "<group>"; };
		168D57752BD3F00D0034AEA2 /* BookServiceProtocol.swift */ = {isa = PBXFileReference; lastKnownFileType = sourcecode.swift; path = BookServiceProtocol.swift; sourceTree = "<group>"; };
		168D57772BD3F0150034AEA2 /* FlashCardServiceProtocol.swift */ = {isa = PBXFileReference; lastKnownFileType = sourcecode.swift; path = FlashCardServiceProtocol.swift; sourceTree = "<group>"; };
		16A5772F2BECFCD300C410FD /* CreatedDTO.swift */ = {isa = PBXFileReference; lastKnownFileType = sourcecode.swift; path = CreatedDTO.swift; sourceTree = "<group>"; };
		16A577312BECFE4E00C410FD /* VerifyDTO.swift */ = {isa = PBXFileReference; lastKnownFileType = sourcecode.swift; path = VerifyDTO.swift; sourceTree = "<group>"; };
		16A577332BECFE6800C410FD /* RefreshDTO.swift */ = {isa = PBXFileReference; lastKnownFileType = sourcecode.swift; path = RefreshDTO.swift; sourceTree = "<group>"; };
		16E89E3B2BDD6B2700BFC761 /* FlashCardPracticeDTO.swift */ = {isa = PBXFileReference; lastKnownFileType = sourcecode.swift; path = FlashCardPracticeDTO.swift; sourceTree = "<group>"; };
		16E89E402BDD713800BFC761 /* FlashCardListPresenter.swift */ = {isa = PBXFileReference; lastKnownFileType = sourcecode.swift; path = FlashCardListPresenter.swift; sourceTree = "<group>"; };
		16E89E422BDD725200BFC761 /* CardList.swift */ = {isa = PBXFileReference; lastKnownFileType = sourcecode.swift; path = CardList.swift; sourceTree = "<group>"; };
		16E89E442BDD73A800BFC761 /* FlashCardGridCell.swift */ = {isa = PBXFileReference; lastKnownFileType = sourcecode.swift; path = FlashCardGridCell.swift; sourceTree = "<group>"; };
		16E89E482BDD99D500BFC761 /* Info.plist */ = {isa = PBXFileReference; lastKnownFileType = text.plist; path = Info.plist; sourceTree = "<group>"; };
		16E89E4B2BE79EFB00BFC761 /* AuthStore.swift */ = {isa = PBXFileReference; lastKnownFileType = sourcecode.swift; path = AuthStore.swift; sourceTree = "<group>"; };
		16E89E4D2BE7AB9D00BFC761 /* ListDTO.swift */ = {isa = PBXFileReference; lastKnownFileType = sourcecode.swift; path = ListDTO.swift; sourceTree = "<group>"; };
		16E89E4F2BE7AD8500BFC761 /* PaginatedList.swift */ = {isa = PBXFileReference; lastKnownFileType = sourcecode.swift; path = PaginatedList.swift; sourceTree = "<group>"; };
		16E89E512BE7B0A700BFC761 /* PaginationQueryDTO.swift */ = {isa = PBXFileReference; lastKnownFileType = sourcecode.swift; path = PaginationQueryDTO.swift; sourceTree = "<group>"; };
		16E89E532BE7BABF00BFC761 /* FlashCardDTO.swift */ = {isa = PBXFileReference; lastKnownFileType = sourcecode.swift; path = FlashCardDTO.swift; sourceTree = "<group>"; };
		16F31DDF2BD5936F00BCC67B /* ServiceError.swift */ = {isa = PBXFileReference; lastKnownFileType = sourcecode.swift; path = ServiceError.swift; sourceTree = "<group>"; };
		16F31DE62BD5AD5700BCC67B /* DeckListPresenter.swift */ = {isa = PBXFileReference; lastKnownFileType = sourcecode.swift; path = DeckListPresenter.swift; sourceTree = "<group>"; };
		16F31DEA2BD5ADF100BCC67B /* DeckListScreen.swift */ = {isa = PBXFileReference; lastKnownFileType = sourcecode.swift; path = DeckListScreen.swift; sourceTree = "<group>"; };
		16F31DEE2BD5BEE200BCC67B /* ListView.swift */ = {isa = PBXFileReference; lastKnownFileType = sourcecode.swift; path = ListView.swift; sourceTree = "<group>"; };
		16F31DF02BD5C4D400BCC67B /* ListViewModel.swift */ = {isa = PBXFileReference; lastKnownFileType = sourcecode.swift; path = ListViewModel.swift; sourceTree = "<group>"; };
/* End PBXFileReference section */

/* Begin PBXFrameworksBuildPhase section */
		168D56DD2BD3CDFE0034AEA2 /* Frameworks */ = {
			isa = PBXFrameworksBuildPhase;
			buildActionMask = 2147483647;
			files = (
				168D57332BD3D2F00034AEA2 /* APIClient in Frameworks */,
				16F31DE32BD598CA00BCC67B /* IdentifiedCollections in Frameworks */,
				168D57362BD3D3140034AEA2 /* DIContainer in Frameworks */,
				168D57392BD3D33C0034AEA2 /* GRDBQuery in Frameworks */,
			);
			runOnlyForDeploymentPostprocessing = 0;
		};
		168D56ED2BD3CE010034AEA2 /* Frameworks */ = {
			isa = PBXFrameworksBuildPhase;
			buildActionMask = 2147483647;
			files = (
			);
			runOnlyForDeploymentPostprocessing = 0;
		};
		168D56F72BD3CE010034AEA2 /* Frameworks */ = {
			isa = PBXFrameworksBuildPhase;
			buildActionMask = 2147483647;
			files = (
			);
			runOnlyForDeploymentPostprocessing = 0;
		};
/* End PBXFrameworksBuildPhase section */

/* Begin PBXGroup section */
		160BB3C32C0113DE00CD6794 /* Translation */ = {
			isa = PBXGroup;
			children = (
				160BB3C42C0113E800CD6794 /* LanguagePicker.swift */,
				160BB3C62C01166A00CD6794 /* TranslationScreen.swift */,
			);
			path = Translation;
			sourceTree = "<group>";
		};
		16889D992BDD1E0000E09A9C /* Components */ = {
			isa = PBXGroup;
			children = (
				16F31DEE2BD5BEE200BCC67B /* ListView.swift */,
				160BB3C82C01279900CD6794 /* AddButton.swift */,
				16889D9A2BDD1E0A00E09A9C /* FormLabelledField.swift */,
				16810EA42BFBAE790082F746 /* StackPushModifiers.swift */,
				16889DC12BDD509900E09A9C /* DefaultRouterModifier.swift */,
			);
			path = Components;
			sourceTree = "<group>";
		};
		16889D9F2BDD200400E09A9C /* Books */ = {
			isa = PBXGroup;
			children = (
				168D57692BD3EBB50034AEA2 /* BookListScreen.swift */,
				160BB3B32C009B8B00CD6794 /* BookDetailScreen.swift */,
				16889D832BDD028C00E09A9C /* BookCellView.swift */,
			);
			path = Books;
			sourceTree = "<group>";
		};
		16889DA02BDD200A00E09A9C /* Auth */ = {
			isa = PBXGroup;
			children = (
				16889D8F2BDD0F2B00E09A9C /* AuthScreen.swift */,
				16889D8D2BDD0EB500E09A9C /* LoginView.swift */,
				16889D952BDD141400E09A9C /* RegisterView.swift */,
			);
			path = Auth;
			sourceTree = "<group>";
		};
		16889DA12BDD200E00E09A9C /* Decks */ = {
			isa = PBXGroup;
			children = (
				16F31DEA2BD5ADF100BCC67B /* DeckListScreen.swift */,
				16889DB32BDD30CB00E09A9C /* DeckDetailScreen.swift */,
				16889D852BDD02C200E09A9C /* DeckCellView.swift */,
			);
			path = Decks;
			sourceTree = "<group>";
		};
		16889DA22BDD201200E09A9C /* Flashcards */ = {
			isa = PBXGroup;
			children = (
				160BB3C32C0113DE00CD6794 /* Translation */,
				16E89E422BDD725200BFC761 /* CardList.swift */,
				16810E9C2BFB7D2C0082F746 /* PracticeScreen.swift */,
				16810E942BFB721F0082F746 /* FlashCardDetailScreen.swift */,
				16E89E442BDD73A800BFC761 /* FlashCardGridCell.swift */,
			);
			path = Flashcards;
			sourceTree = "<group>";
		};
		16889DA32BDD203A00E09A9C /* Decks */ = {
			isa = PBXGroup;
			children = (
				16F31DE62BD5AD5700BCC67B /* DeckListPresenter.swift */,
				16889DB12BDD2C5F00E09A9C /* DeckDetailPresenter.swift */,
			);
			path = Decks;
			sourceTree = "<group>";
		};
		16889DA42BDD204B00E09A9C /* Books */ = {
			isa = PBXGroup;
			children = (
				168D57672BD3EB8A0034AEA2 /* BookListPresenter.swift */,
				160BB3B12C009A8100CD6794 /* BookDetailPresenter.swift */,
			);
			path = Books;
			sourceTree = "<group>";
		};
		16889DA52BDD205800E09A9C /* Auth */ = {
			isa = PBXGroup;
			children = (
				16889D892BDD0B0900E09A9C /* AuthenticationPresenter.swift */,
			);
			path = Auth;
			sourceTree = "<group>";
		};
		16889DA62BDD206900E09A9C /* Auth */ = {
			isa = PBXGroup;
			children = (
				16889D872BDD0AC200E09A9C /* AuthenticationViewModel.swift */,
			);
			path = Auth;
			sourceTree = "<group>";
		};
		168D56D72BD3CDFE0034AEA2 = {
			isa = PBXGroup;
			children = (
				168D56E22BD3CDFE0034AEA2 /* BetterFlashcards */,
				168D56F32BD3CE010034AEA2 /* BetterFlashcardsTests */,
				168D56FD2BD3CE010034AEA2 /* BetterFlashcardsUITests */,
				168D56E12BD3CDFE0034AEA2 /* Products */,
			);
			sourceTree = "<group>";
		};
		168D56E12BD3CDFE0034AEA2 /* Products */ = {
			isa = PBXGroup;
			children = (
				168D56E02BD3CDFE0034AEA2 /* BetterFlashcards.app */,
				168D56F02BD3CE010034AEA2 /* BetterFlashcardsTests.xctest */,
				168D56FA2BD3CE010034AEA2 /* BetterFlashcardsUITests.xctest */,
			);
			name = Products;
			sourceTree = "<group>";
		};
		168D56E22BD3CDFE0034AEA2 /* BetterFlashcards */ = {
			isa = PBXGroup;
			children = (
				16E89E482BDD99D500BFC761 /* Info.plist */,
				168D57102BD3CE240034AEA2 /* UI */,
				168D570F2BD3CE1F0034AEA2 /* Domain */,
				168D570E2BD3CE180034AEA2 /* Infrastructure */,
				168D570D2BD3CE110034AEA2 /* App */,
				168D56E72BD3CE010034AEA2 /* Assets.xcassets */,
				168D56E92BD3CE010034AEA2 /* Preview Content */,
			);
			path = BetterFlashcards;
			sourceTree = "<group>";
		};
		168D56E92BD3CE010034AEA2 /* Preview Content */ = {
			isa = PBXGroup;
			children = (
				168D56EA2BD3CE010034AEA2 /* Preview Assets.xcassets */,
			);
			path = "Preview Content";
			sourceTree = "<group>";
		};
		168D56F32BD3CE010034AEA2 /* BetterFlashcardsTests */ = {
			isa = PBXGroup;
			children = (
				168D56F42BD3CE010034AEA2 /* BetterFlashcardsTests.swift */,
			);
			path = BetterFlashcardsTests;
			sourceTree = "<group>";
		};
		168D56FD2BD3CE010034AEA2 /* BetterFlashcardsUITests */ = {
			isa = PBXGroup;
			children = (
				168D56FE2BD3CE010034AEA2 /* BetterFlashcardsUITests.swift */,
				168D57002BD3CE010034AEA2 /* BetterFlashcardsUITestsLaunchTests.swift */,
			);
			path = BetterFlashcardsUITests;
			sourceTree = "<group>";
		};
		168D570D2BD3CE110034AEA2 /* App */ = {
			isa = PBXGroup;
			children = (
				168D57192BD3CF920034AEA2 /* Services */,
				16F31DDF2BD5936F00BCC67B /* ServiceError.swift */,
			);
			path = App;
			sourceTree = "<group>";
		};
		168D570E2BD3CE180034AEA2 /* Infrastructure */ = {
			isa = PBXGroup;
			children = (
				168D575C2BD3E3B50034AEA2 /* Authentication */,
				168D57182BD3CF880034AEA2 /* Networking */,
				168D57172BD3CF820034AEA2 /* Repositories */,
				168D57562BD3E29F0034AEA2 /* Utilities */,
			);
			path = Infrastructure;
			sourceTree = "<group>";
		};
		168D570F2BD3CE1F0034AEA2 /* Domain */ = {
			isa = PBXGroup;
			children = (
				168D57112BD3CE3F0034AEA2 /* FlashCard.swift */,
				168D57212BD3D0E40034AEA2 /* FlashCardPractice.swift */,
				168D57152BD3CF1D0034AEA2 /* Book.swift */,
				16889D8B2BDD0D1600E09A9C /* User.swift */,
				160BB3BB2C00EA3F00CD6794 /* Translation.swift */,
				16810E822BFB5DF30082F746 /* Language.swift */,
				168D57132BD3CEC00034AEA2 /* Deck.swift */,
				16E89E4F2BE7AD8500BFC761 /* PaginatedList.swift */,
			);
			path = Domain;
			sourceTree = "<group>";
		};
		168D57102BD3CE240034AEA2 /* UI */ = {
			isa = PBXGroup;
			children = (
				16F31DF22BD5C51700BCC67B /* ViewModels */,
				168D57642BD3E96B0034AEA2 /* Views */,
				168D57632BD3E9490034AEA2 /* Presenters */,
				168D56E32BD3CDFE0034AEA2 /* BetterFlashcardsApp.swift */,
				168D57652BD3E9A90034AEA2 /* EnvironmentValues.swift */,
				168D57612BD3E6880034AEA2 /* DI.swift */,
			);
			path = UI;
			sourceTree = "<group>";
		};
		168D57172BD3CF820034AEA2 /* Repositories */ = {
			isa = PBXGroup;
			children = (
				168D573B2BD3D37B0034AEA2 /* Implementations */,
				168D573A2BD3D3750034AEA2 /* Protocols */,
			);
			path = Repositories;
			sourceTree = "<group>";
		};
		168D57182BD3CF880034AEA2 /* Networking */ = {
			isa = PBXGroup;
			children = (
				168D57512BD3E03D0034AEA2 /* DTOs */,
				168D573C2BD3D3D10034AEA2 /* Requests */,
				168D573F2BD3D4420034AEA2 /* NetworkConstants.swift */,
				168D57472BD3DD1F0034AEA2 /* BaseNetworking.swift */,
			);
			path = Networking;
			sourceTree = "<group>";
		};
		168D57192BD3CF920034AEA2 /* Services */ = {
			isa = PBXGroup;
			children = (
				168D57722BD3EFF80034AEA2 /* Protocols */,
				168D57792BD3F01E0034AEA2 /* Implementations */,
				168D576B2BD3EFB80034AEA2 /* Mocks */,
			);
			path = Services;
			sourceTree = "<group>";
		};
		168D573A2BD3D3750034AEA2 /* Protocols */ = {
			isa = PBXGroup;
			children = (
				168D571B2BD3CFAF0034AEA2 /* DeckRepositoryProtocol.swift */,
				16810E862BFB61530082F746 /* LanguageRepositoryProtocol.swift */,
				168D571D2BD3CFB90034AEA2 /* BookRepositoryProtocol.swift */,
				168D571F2BD3CFC40034AEA2 /* FlashCardRepositoryProtocol.swift */,
			);
			path = Protocols;
			sourceTree = "<group>";
		};
		168D573B2BD3D37B0034AEA2 /* Implementations */ = {
			isa = PBXGroup;
			children = (
				168D57452BD3DB5C0034AEA2 /* DeckNetworkRepository.swift */,
				168D57492BD3DD400034AEA2 /* BookNetworkRepository.swift */,
				16810E882BFB61750082F746 /* LanguageNetworkRespository.swift */,
				16889DC52BDD62AE00E09A9C /* FlashCardNetworkRepository.swift */,
			);
			path = Implementations;
			sourceTree = "<group>";
		};
		168D573C2BD3D3D10034AEA2 /* Requests */ = {
			isa = PBXGroup;
			children = (
				168D573D2BD3D3F80034AEA2 /* DeckRequests.swift */,
				16810E842BFB61070082F746 /* LanguageRequests.swift */,
				168D574F2BD3DFEC0034AEA2 /* AuthRequests.swift */,
				168D57432BD3D9870034AEA2 /* BookRequests.swift */,
				168D57412BD3D5D70034AEA2 /* FlashCardRequests.swift */,
			);
			path = Requests;
			sourceTree = "<group>";
		};
		168D57512BD3E03D0034AEA2 /* DTOs */ = {
			isa = PBXGroup;
			children = (
				168D57522BD3E04B0034AEA2 /* LoginResponseDTO.swift */,
				160BB3BD2C00EB1B00CD6794 /* TranslationLanguageQueries.swift */,
				1601D0442BF8BB6E00DAE123 /* ErrorDTO.swift */,
				16A5772F2BECFCD300C410FD /* CreatedDTO.swift */,
				16A577312BECFE4E00C410FD /* VerifyDTO.swift */,
				16A577332BECFE6800C410FD /* RefreshDTO.swift */,
				16E89E4D2BE7AB9D00BFC761 /* ListDTO.swift */,
				16E89E532BE7BABF00BFC761 /* FlashCardDTO.swift */,
				16E89E512BE7B0A700BFC761 /* PaginationQueryDTO.swift */,
				16889DA92BDD22FD00E09A9C /* CreateDeckDTO.swift */,
				16889DAB2BDD242600E09A9C /* CreateBookDTO.swift */,
				16E89E3B2BDD6B2700BFC761 /* FlashCardPracticeDTO.swift */,
				16889D812BDCFEB600E09A9C /* UserDTO.swift */,
			);
			path = DTOs;
			sourceTree = "<group>";
		};
		168D57562BD3E29F0034AEA2 /* Utilities */ = {
			isa = PBXGroup;
			children = (
				168D57592BD3E31A0034AEA2 /* Keychain */,
			);
			path = Utilities;
			sourceTree = "<group>";
		};
		168D57592BD3E31A0034AEA2 /* Keychain */ = {
			isa = PBXGroup;
			children = (
				168D57572BD3E2BA0034AEA2 /* KeychainOptions.swift */,
				168D57542BD3E2930034AEA2 /* KeychainWrapper.swift */,
				168D575A2BD3E35C0034AEA2 /* KeychainKeys.swift */,
			);
			path = Keychain;
			sourceTree = "<group>";
		};
		168D575C2BD3E3B50034AEA2 /* Authentication */ = {
			isa = PBXGroup;
			children = (
				168D574D2BD3DFC90034AEA2 /* AuthProvider.swift */,
				16E89E4B2BE79EFB00BFC761 /* AuthStore.swift */,
				168D57272BD3D1C50034AEA2 /* AuthProtocols.swift */,
				168D575D2BD3E4880034AEA2 /* AuthError.swift */,
			);
			path = Authentication;
			sourceTree = "<group>";
		};
		168D57632BD3E9490034AEA2 /* Presenters */ = {
			isa = PBXGroup;
			children = (
				16889DA52BDD205800E09A9C /* Auth */,
				16889DA42BDD204B00E09A9C /* Books */,
				16889DA32BDD203A00E09A9C /* Decks */,
				16E89E3F2BDD712500BFC761 /* FlashCards */,
				1601D0422BED0AD400DAE123 /* HomePresenter.swift */,
				16889DA72BDD218E00E09A9C /* PaginatedListViewPresenterProtocol.swift */,
			);
			path = Presenters;
			sourceTree = "<group>";
		};
		168D57642BD3E96B0034AEA2 /* Views */ = {
			isa = PBXGroup;
			children = (
				16889DA02BDD200A00E09A9C /* Auth */,
				16889D9F2BDD200400E09A9C /* Books */,
				16889DA12BDD200E00E09A9C /* Decks */,
				16889DA22BDD201200E09A9C /* Flashcards */,
				16889D992BDD1E0000E09A9C /* Components */,
				168D56E52BD3CDFE0034AEA2 /* HomeScreen.swift */,
			);
			path = Views;
			sourceTree = "<group>";
		};
		168D576B2BD3EFB80034AEA2 /* Mocks */ = {
			isa = PBXGroup;
			children = (
				168D576C2BD3EFC30034AEA2 /* MockDeckService.swift */,
				16810E922BFB62EA0082F746 /* MockLanguageService.swift */,
				16889D972BDD19EC00E09A9C /* MockAuthenticationService.swift */,
				168D57702BD3EFD90034AEA2 /* MockFlashCardService.swift */,
				168D576E2BD3EFD00034AEA2 /* MockBookService.swift */,
			);
			path = Mocks;
			sourceTree = "<group>";
		};
		168D57722BD3EFF80034AEA2 /* Protocols */ = {
			isa = PBXGroup;
			children = (
				168D57732BD3F0040034AEA2 /* DeckServiceProtocol.swift */,
				16810E8A2BFB61FE0082F746 /* LanguageServiceProtocol.swift */,
				16889D932BDD109F00E09A9C /* AuthenticationServiceProtocol.swift */,
				168D57752BD3F00D0034AEA2 /* BookServiceProtocol.swift */,
				168D57772BD3F0150034AEA2 /* FlashCardServiceProtocol.swift */,
				16889D7F2BDCFDFD00E09A9C /* GenericBasicServiceProtocol.swift */,
			);
			path = Protocols;
			sourceTree = "<group>";
		};
		168D57792BD3F01E0034AEA2 /* Implementations */ = {
			isa = PBXGroup;
			children = (
				168D57292BD3D1D00034AEA2 /* DeckService.swift */,
				16889D912BDD109500E09A9C /* AuthenticationService.swift */,
				16810E902BFB625F0082F746 /* LanguageService.swift */,
				168D572B2BD3D1D70034AEA2 /* BookService.swift */,
				168D572D2BD3D1E10034AEA2 /* FlashCardService.swift */,
			);
			path = Implementations;
			sourceTree = "<group>";
		};
		16E89E3F2BDD712500BFC761 /* FlashCards */ = {
			isa = PBXGroup;
			children = (
				16E89E402BDD713800BFC761 /* FlashCardListPresenter.swift */,
				16810E9E2BFB7E770082F746 /* FlashCardPracticePresenter.swift */,
				160BB3BF2C00EDAE00CD6794 /* TranslationPresenter.swift */,
				16810E962BFB72490082F746 /* FlashCardDetailPresenter.swift */,
			);
			path = FlashCards;
			sourceTree = "<group>";
		};
		16F31DF22BD5C51700BCC67B /* ViewModels */ = {
			isa = PBXGroup;
			children = (
				16889DA62BDD206900E09A9C /* Auth */,
				16F31DF02BD5C4D400BCC67B /* ListViewModel.swift */,
				160BB3C12C00EDCB00CD6794 /* TranslationViewModel.swift */,
				16810E9A2BFB7B0A0082F746 /* ListViewModel+Flashcard.swift */,
				16810EA02BFB7F700082F746 /* PracticeListViewModel.swift */,
				16889DC32BDD52FB00E09A9C /* BaseViewModel.swift */,
				16889DAF2BDD2C1100E09A9C /* DeckViewModel.swift */,
				160BB3AF2C0099F600CD6794 /* BookViewModel.swift */,
				16810E982BFB726D0082F746 /* FlashCardViewModel.swift */,
			);
			path = ViewModels;
			sourceTree = "<group>";
		};
/* End PBXGroup section */

/* Begin PBXNativeTarget section */
		168D56DF2BD3CDFE0034AEA2 /* BetterFlashcards */ = {
			isa = PBXNativeTarget;
			buildConfigurationList = 168D57042BD3CE010034AEA2 /* Build configuration list for PBXNativeTarget "BetterFlashcards" */;
			buildPhases = (
				168D56DC2BD3CDFE0034AEA2 /* Sources */,
				168D56DD2BD3CDFE0034AEA2 /* Frameworks */,
				168D56DE2BD3CDFE0034AEA2 /* Resources */,
			);
			buildRules = (
			);
			dependencies = (
			);
			name = BetterFlashcards;
			packageProductDependencies = (
				168D57322BD3D2F00034AEA2 /* APIClient */,
				168D57352BD3D3140034AEA2 /* DIContainer */,
				168D57382BD3D33C0034AEA2 /* GRDBQuery */,
				16F31DE22BD598CA00BCC67B /* IdentifiedCollections */,
			);
			productName = BetterFlashcards;
			productReference = 168D56E02BD3CDFE0034AEA2 /* BetterFlashcards.app */;
			productType = "com.apple.product-type.application";
		};
		168D56EF2BD3CE010034AEA2 /* BetterFlashcardsTests */ = {
			isa = PBXNativeTarget;
			buildConfigurationList = 168D57072BD3CE010034AEA2 /* Build configuration list for PBXNativeTarget "BetterFlashcardsTests" */;
			buildPhases = (
				168D56EC2BD3CE010034AEA2 /* Sources */,
				168D56ED2BD3CE010034AEA2 /* Frameworks */,
				168D56EE2BD3CE010034AEA2 /* Resources */,
			);
			buildRules = (
			);
			dependencies = (
				168D56F22BD3CE010034AEA2 /* PBXTargetDependency */,
			);
			name = BetterFlashcardsTests;
			productName = BetterFlashcardsTests;
			productReference = 168D56F02BD3CE010034AEA2 /* BetterFlashcardsTests.xctest */;
			productType = "com.apple.product-type.bundle.unit-test";
		};
		168D56F92BD3CE010034AEA2 /* BetterFlashcardsUITests */ = {
			isa = PBXNativeTarget;
			buildConfigurationList = 168D570A2BD3CE010034AEA2 /* Build configuration list for PBXNativeTarget "BetterFlashcardsUITests" */;
			buildPhases = (
				168D56F62BD3CE010034AEA2 /* Sources */,
				168D56F72BD3CE010034AEA2 /* Frameworks */,
				168D56F82BD3CE010034AEA2 /* Resources */,
			);
			buildRules = (
			);
			dependencies = (
				168D56FC2BD3CE010034AEA2 /* PBXTargetDependency */,
			);
			name = BetterFlashcardsUITests;
			productName = BetterFlashcardsUITests;
			productReference = 168D56FA2BD3CE010034AEA2 /* BetterFlashcardsUITests.xctest */;
			productType = "com.apple.product-type.bundle.ui-testing";
		};
/* End PBXNativeTarget section */

/* Begin PBXProject section */
		168D56D82BD3CDFE0034AEA2 /* Project object */ = {
			isa = PBXProject;
			attributes = {
				BuildIndependentTargetsInParallel = 1;
				LastSwiftUpdateCheck = 1420;
				LastUpgradeCheck = 1420;
				TargetAttributes = {
					168D56DF2BD3CDFE0034AEA2 = {
						CreatedOnToolsVersion = 14.2;
					};
					168D56EF2BD3CE010034AEA2 = {
						CreatedOnToolsVersion = 14.2;
						TestTargetID = 168D56DF2BD3CDFE0034AEA2;
					};
					168D56F92BD3CE010034AEA2 = {
						CreatedOnToolsVersion = 14.2;
						TestTargetID = 168D56DF2BD3CDFE0034AEA2;
					};
				};
			};
			buildConfigurationList = 168D56DB2BD3CDFE0034AEA2 /* Build configuration list for PBXProject "BetterFlashcards" */;
			compatibilityVersion = "Xcode 14.0";
			developmentRegion = en;
			hasScannedForEncodings = 0;
			knownRegions = (
				en,
				Base,
			);
			mainGroup = 168D56D72BD3CDFE0034AEA2;
			packageReferences = (
				168D57312BD3D2F00034AEA2 /* XCRemoteSwiftPackageReference "APIClient" */,
				168D57342BD3D3140034AEA2 /* XCRemoteSwiftPackageReference "DIContainer" */,
				168D57372BD3D33C0034AEA2 /* XCRemoteSwiftPackageReference "GRDBQuery" */,
				16F31DE12BD598CA00BCC67B /* XCRemoteSwiftPackageReference "swift-identified-collections" */,
			);
			productRefGroup = 168D56E12BD3CDFE0034AEA2 /* Products */;
			projectDirPath = "";
			projectRoot = "";
			targets = (
				168D56DF2BD3CDFE0034AEA2 /* BetterFlashcards */,
				168D56EF2BD3CE010034AEA2 /* BetterFlashcardsTests */,
				168D56F92BD3CE010034AEA2 /* BetterFlashcardsUITests */,
			);
		};
/* End PBXProject section */

/* Begin PBXResourcesBuildPhase section */
		168D56DE2BD3CDFE0034AEA2 /* Resources */ = {
			isa = PBXResourcesBuildPhase;
			buildActionMask = 2147483647;
			files = (
				168D56EB2BD3CE010034AEA2 /* Preview Assets.xcassets in Resources */,
				168D56E82BD3CE010034AEA2 /* Assets.xcassets in Resources */,
			);
			runOnlyForDeploymentPostprocessing = 0;
		};
		168D56EE2BD3CE010034AEA2 /* Resources */ = {
			isa = PBXResourcesBuildPhase;
			buildActionMask = 2147483647;
			files = (
			);
			runOnlyForDeploymentPostprocessing = 0;
		};
		168D56F82BD3CE010034AEA2 /* Resources */ = {
			isa = PBXResourcesBuildPhase;
			buildActionMask = 2147483647;
			files = (
			);
			runOnlyForDeploymentPostprocessing = 0;
		};
/* End PBXResourcesBuildPhase section */

/* Begin PBXSourcesBuildPhase section */
		168D56DC2BD3CDFE0034AEA2 /* Sources */ = {
			isa = PBXSourcesBuildPhase;
			buildActionMask = 2147483647;
			files = (
				16889D8C2BDD0D1600E09A9C /* User.swift in Sources */,
				16E89E432BDD725200BFC761 /* CardList.swift in Sources */,
				168D576F2BD3EFD00034AEA2 /* MockBookService.swift in Sources */,
				168D57142BD3CEC00034AEA2 /* Deck.swift in Sources */,
				168D57122BD3CE3F0034AEA2 /* FlashCard.swift in Sources */,
				16889D922BDD109500E09A9C /* AuthenticationService.swift in Sources */,
				168D57202BD3CFC40034AEA2 /* FlashCardRepositoryProtocol.swift in Sources */,
				168D57682BD3EB8A0034AEA2 /* BookListPresenter.swift in Sources */,
				168D57622BD3E6880034AEA2 /* DI.swift in Sources */,
				16E89E4E2BE7AB9D00BFC761 /* ListDTO.swift in Sources */,
				16810E9B2BFB7B0A0082F746 /* ListViewModel+Flashcard.swift in Sources */,
				16810E932BFB62EA0082F746 /* MockLanguageService.swift in Sources */,
				16889D902BDD0F2B00E09A9C /* AuthScreen.swift in Sources */,
				16889DC62BDD62AE00E09A9C /* FlashCardNetworkRepository.swift in Sources */,
				16810E852BFB61070082F746 /* LanguageRequests.swift in Sources */,
				168D57742BD3F0040034AEA2 /* DeckServiceProtocol.swift in Sources */,
				16F31DE02BD5936F00BCC67B /* ServiceError.swift in Sources */,
				168D56E62BD3CDFE0034AEA2 /* HomeScreen.swift in Sources */,
				16889D9B2BDD1E0A00E09A9C /* FormLabelledField.swift in Sources */,
				168D57552BD3E2930034AEA2 /* KeychainWrapper.swift in Sources */,
				16810E9F2BFB7E770082F746 /* FlashCardPracticePresenter.swift in Sources */,
				168D57222BD3D0E40034AEA2 /* FlashCardPractice.swift in Sources */,
				16889DB22BDD2C5F00E09A9C /* DeckDetailPresenter.swift in Sources */,
				16A577342BECFE6800C410FD /* RefreshDTO.swift in Sources */,
				160BB3C02C00EDAE00CD6794 /* TranslationPresenter.swift in Sources */,
				16E89E452BDD73A800BFC761 /* FlashCardGridCell.swift in Sources */,
				16889D802BDCFDFD00E09A9C /* GenericBasicServiceProtocol.swift in Sources */,
				16E89E3C2BDD6B2700BFC761 /* FlashCardPracticeDTO.swift in Sources */,
				16810E912BFB625F0082F746 /* LanguageService.swift in Sources */,
				16889D942BDD109F00E09A9C /* AuthenticationServiceProtocol.swift in Sources */,
				16810E832BFB5DF30082F746 /* Language.swift in Sources */,
				16810EA12BFB7F700082F746 /* PracticeListViewModel.swift in Sources */,
				168D575E2BD3E4880034AEA2 /* AuthError.swift in Sources */,
				168D572E2BD3D1E10034AEA2 /* FlashCardService.swift in Sources */,
				16E89E4C2BE79EFB00BFC761 /* AuthStore.swift in Sources */,
				168D57162BD3CF1D0034AEA2 /* Book.swift in Sources */,
				168D573E2BD3D3F80034AEA2 /* DeckRequests.swift in Sources */,
				16889DC42BDD52FB00E09A9C /* BaseViewModel.swift in Sources */,
				16F31DEF2BD5BEE200BCC67B /* ListView.swift in Sources */,
				16810E872BFB61530082F746 /* LanguageRepositoryProtocol.swift in Sources */,
				16889D842BDD028C00E09A9C /* BookCellView.swift in Sources */,
				16A577302BECFCD300C410FD /* CreatedDTO.swift in Sources */,
				16889DAC2BDD242600E09A9C /* CreateBookDTO.swift in Sources */,
				16889DAA2BDD22FD00E09A9C /* CreateDeckDTO.swift in Sources */,
				16889DB42BDD30CB00E09A9C /* DeckDetailScreen.swift in Sources */,
				16E89E542BE7BABF00BFC761 /* FlashCardDTO.swift in Sources */,
				16889D8A2BDD0B0900E09A9C /* AuthenticationPresenter.swift in Sources */,
				168D57762BD3F00D0034AEA2 /* BookServiceProtocol.swift in Sources */,
				168D57532BD3E04B0034AEA2 /* LoginResponseDTO.swift in Sources */,
				16889D962BDD141400E09A9C /* RegisterView.swift in Sources */,
				16F31DF12BD5C4D400BCC67B /* ListViewModel.swift in Sources */,
				16810E992BFB726D0082F746 /* FlashCardViewModel.swift in Sources */,
				16A577322BECFE4E00C410FD /* VerifyDTO.swift in Sources */,
				168D571C2BD3CFAF0034AEA2 /* DeckRepositoryProtocol.swift in Sources */,
				16F31DEB2BD5ADF100BCC67B /* DeckListScreen.swift in Sources */,
				168D57402BD3D4420034AEA2 /* NetworkConstants.swift in Sources */,
				168D576A2BD3EBB50034AEA2 /* BookListScreen.swift in Sources */,
				168D572A2BD3D1D00034AEA2 /* DeckService.swift in Sources */,
				16810EA52BFBAE790082F746 /* StackPushModifiers.swift in Sources */,
				160BB3BE2C00EB1B00CD6794 /* TranslationLanguageQueries.swift in Sources */,
				160BB3C22C00EDCB00CD6794 /* TranslationViewModel.swift in Sources */,
				168D572C2BD3D1D70034AEA2 /* BookService.swift in Sources */,
				168D56E42BD3CDFE0034AEA2 /* BetterFlashcardsApp.swift in Sources */,
				160BB3C92C01279900CD6794 /* AddButton.swift in Sources */,
				16889D822BDCFEB600E09A9C /* UserDTO.swift in Sources */,
				168D57462BD3DB5C0034AEA2 /* DeckNetworkRepository.swift in Sources */,
				168D571E2BD3CFB90034AEA2 /* BookRepositoryProtocol.swift in Sources */,
				16810E9D2BFB7D2C0082F746 /* PracticeScreen.swift in Sources */,
				160BB3B42C009B8B00CD6794 /* BookDetailScreen.swift in Sources */,
				16E89E412BDD713800BFC761 /* FlashCardListPresenter.swift in Sources */,
				168D57442BD3D9870034AEA2 /* BookRequests.swift in Sources */,
				16889D862BDD02C200E09A9C /* DeckCellView.swift in Sources */,
				168D57502BD3DFEC0034AEA2 /* AuthRequests.swift in Sources */,
				1601D0452BF8BB6E00DAE123 /* ErrorDTO.swift in Sources */,
				168D576D2BD3EFC30034AEA2 /* MockDeckService.swift in Sources */,
				16889D882BDD0AC200E09A9C /* AuthenticationViewModel.swift in Sources */,
				168D57422BD3D5D70034AEA2 /* FlashCardRequests.swift in Sources */,
				16810E972BFB72490082F746 /* FlashCardDetailPresenter.swift in Sources */,
				168D57782BD3F0150034AEA2 /* FlashCardServiceProtocol.swift in Sources */,
				160BB3B22C009A8100CD6794 /* BookDetailPresenter.swift in Sources */,
				16889D982BDD19EC00E09A9C /* MockAuthenticationService.swift in Sources */,
				1601D0432BED0AD400DAE123 /* HomePresenter.swift in Sources */,
				16810E892BFB61750082F746 /* LanguageNetworkRespository.swift in Sources */,
				16810E8B2BFB61FE0082F746 /* LanguageServiceProtocol.swift in Sources */,
				168D574E2BD3DFC90034AEA2 /* AuthProvider.swift in Sources */,
				160BB3BC2C00EA3F00CD6794 /* Translation.swift in Sources */,
				16810E952BFB721F0082F746 /* FlashCardDetailScreen.swift in Sources */,
				160BB3C72C01166A00CD6794 /* TranslationScreen.swift in Sources */,
				16F31DE72BD5AD5700BCC67B /* DeckListPresenter.swift in Sources */,
				168D57712BD3EFD90034AEA2 /* MockFlashCardService.swift in Sources */,
				168D57282BD3D1C50034AEA2 /* AuthProtocols.swift in Sources */,
				168D57662BD3E9A90034AEA2 /* EnvironmentValues.swift in Sources */,
				16E89E502BE7AD8500BFC761 /* PaginatedList.swift in Sources */,
				168D57582BD3E2BA0034AEA2 /* KeychainOptions.swift in Sources */,
				16889DA82BDD218E00E09A9C /* PaginatedListViewPresenterProtocol.swift in Sources */,
				168D575B2BD3E35C0034AEA2 /* KeychainKeys.swift in Sources */,
				16889D8E2BDD0EB500E09A9C /* LoginView.swift in Sources */,
				16E89E522BE7B0A700BFC761 /* PaginationQueryDTO.swift in Sources */,
				160BB3B02C0099F600CD6794 /* BookViewModel.swift in Sources */,
				168D57482BD3DD1F0034AEA2 /* BaseNetworking.swift in Sources */,
				168D574A2BD3DD400034AEA2 /* BookNetworkRepository.swift in Sources */,
				160BB3C52C0113E800CD6794 /* LanguagePicker.swift in Sources */,
				16889DB02BDD2C1100E09A9C /* DeckViewModel.swift in Sources */,
				16889DC22BDD509A00E09A9C /* DefaultRouterModifier.swift in Sources */,
			);
			runOnlyForDeploymentPostprocessing = 0;
		};
		168D56EC2BD3CE010034AEA2 /* Sources */ = {
			isa = PBXSourcesBuildPhase;
			buildActionMask = 2147483647;
			files = (
				168D56F52BD3CE010034AEA2 /* BetterFlashcardsTests.swift in Sources */,
			);
			runOnlyForDeploymentPostprocessing = 0;
		};
		168D56F62BD3CE010034AEA2 /* Sources */ = {
			isa = PBXSourcesBuildPhase;
			buildActionMask = 2147483647;
			files = (
				168D56FF2BD3CE010034AEA2 /* BetterFlashcardsUITests.swift in Sources */,
				168D57012BD3CE010034AEA2 /* BetterFlashcardsUITestsLaunchTests.swift in Sources */,
			);
			runOnlyForDeploymentPostprocessing = 0;
		};
/* End PBXSourcesBuildPhase section */

/* Begin PBXTargetDependency section */
		168D56F22BD3CE010034AEA2 /* PBXTargetDependency */ = {
			isa = PBXTargetDependency;
			target = 168D56DF2BD3CDFE0034AEA2 /* BetterFlashcards */;
			targetProxy = 168D56F12BD3CE010034AEA2 /* PBXContainerItemProxy */;
		};
		168D56FC2BD3CE010034AEA2 /* PBXTargetDependency */ = {
			isa = PBXTargetDependency;
			target = 168D56DF2BD3CDFE0034AEA2 /* BetterFlashcards */;
			targetProxy = 168D56FB2BD3CE010034AEA2 /* PBXContainerItemProxy */;
		};
/* End PBXTargetDependency section */

/* Begin XCBuildConfiguration section */
		168D57022BD3CE010034AEA2 /* Debug */ = {
			isa = XCBuildConfiguration;
			buildSettings = {
				ALWAYS_SEARCH_USER_PATHS = NO;
				CLANG_ANALYZER_NONNULL = YES;
				CLANG_ANALYZER_NUMBER_OBJECT_CONVERSION = YES_AGGRESSIVE;
				CLANG_CXX_LANGUAGE_STANDARD = "gnu++20";
				CLANG_ENABLE_MODULES = YES;
				CLANG_ENABLE_OBJC_ARC = YES;
				CLANG_ENABLE_OBJC_WEAK = YES;
				CLANG_WARN_BLOCK_CAPTURE_AUTORELEASING = YES;
				CLANG_WARN_BOOL_CONVERSION = YES;
				CLANG_WARN_COMMA = YES;
				CLANG_WARN_CONSTANT_CONVERSION = YES;
				CLANG_WARN_DEPRECATED_OBJC_IMPLEMENTATIONS = YES;
				CLANG_WARN_DIRECT_OBJC_ISA_USAGE = YES_ERROR;
				CLANG_WARN_DOCUMENTATION_COMMENTS = YES;
				CLANG_WARN_EMPTY_BODY = YES;
				CLANG_WARN_ENUM_CONVERSION = YES;
				CLANG_WARN_INFINITE_RECURSION = YES;
				CLANG_WARN_INT_CONVERSION = YES;
				CLANG_WARN_NON_LITERAL_NULL_CONVERSION = YES;
				CLANG_WARN_OBJC_IMPLICIT_RETAIN_SELF = YES;
				CLANG_WARN_OBJC_LITERAL_CONVERSION = YES;
				CLANG_WARN_OBJC_ROOT_CLASS = YES_ERROR;
				CLANG_WARN_QUOTED_INCLUDE_IN_FRAMEWORK_HEADER = YES;
				CLANG_WARN_RANGE_LOOP_ANALYSIS = YES;
				CLANG_WARN_STRICT_PROTOTYPES = YES;
				CLANG_WARN_SUSPICIOUS_MOVE = YES;
				CLANG_WARN_UNGUARDED_AVAILABILITY = YES_AGGRESSIVE;
				CLANG_WARN_UNREACHABLE_CODE = YES;
				CLANG_WARN__DUPLICATE_METHOD_MATCH = YES;
				COPY_PHASE_STRIP = NO;
				DEBUG_INFORMATION_FORMAT = dwarf;
				ENABLE_STRICT_OBJC_MSGSEND = YES;
				ENABLE_TESTABILITY = YES;
				GCC_C_LANGUAGE_STANDARD = gnu11;
				GCC_DYNAMIC_NO_PIC = NO;
				GCC_NO_COMMON_BLOCKS = YES;
				GCC_OPTIMIZATION_LEVEL = 0;
				GCC_PREPROCESSOR_DEFINITIONS = (
					"DEBUG=1",
					"$(inherited)",
				);
				GCC_WARN_64_TO_32_BIT_CONVERSION = YES;
				GCC_WARN_ABOUT_RETURN_TYPE = YES_ERROR;
				GCC_WARN_UNDECLARED_SELECTOR = YES;
				GCC_WARN_UNINITIALIZED_AUTOS = YES_AGGRESSIVE;
				GCC_WARN_UNUSED_FUNCTION = YES;
				GCC_WARN_UNUSED_VARIABLE = YES;
				IPHONEOS_DEPLOYMENT_TARGET = 16.2;
				MTL_ENABLE_DEBUG_INFO = INCLUDE_SOURCE;
				MTL_FAST_MATH = YES;
				ONLY_ACTIVE_ARCH = YES;
				SDKROOT = iphoneos;
				SWIFT_ACTIVE_COMPILATION_CONDITIONS = DEBUG;
				SWIFT_OPTIMIZATION_LEVEL = "-Onone";
			};
			name = Debug;
		};
		168D57032BD3CE010034AEA2 /* Release */ = {
			isa = XCBuildConfiguration;
			buildSettings = {
				ALWAYS_SEARCH_USER_PATHS = NO;
				CLANG_ANALYZER_NONNULL = YES;
				CLANG_ANALYZER_NUMBER_OBJECT_CONVERSION = YES_AGGRESSIVE;
				CLANG_CXX_LANGUAGE_STANDARD = "gnu++20";
				CLANG_ENABLE_MODULES = YES;
				CLANG_ENABLE_OBJC_ARC = YES;
				CLANG_ENABLE_OBJC_WEAK = YES;
				CLANG_WARN_BLOCK_CAPTURE_AUTORELEASING = YES;
				CLANG_WARN_BOOL_CONVERSION = YES;
				CLANG_WARN_COMMA = YES;
				CLANG_WARN_CONSTANT_CONVERSION = YES;
				CLANG_WARN_DEPRECATED_OBJC_IMPLEMENTATIONS = YES;
				CLANG_WARN_DIRECT_OBJC_ISA_USAGE = YES_ERROR;
				CLANG_WARN_DOCUMENTATION_COMMENTS = YES;
				CLANG_WARN_EMPTY_BODY = YES;
				CLANG_WARN_ENUM_CONVERSION = YES;
				CLANG_WARN_INFINITE_RECURSION = YES;
				CLANG_WARN_INT_CONVERSION = YES;
				CLANG_WARN_NON_LITERAL_NULL_CONVERSION = YES;
				CLANG_WARN_OBJC_IMPLICIT_RETAIN_SELF = YES;
				CLANG_WARN_OBJC_LITERAL_CONVERSION = YES;
				CLANG_WARN_OBJC_ROOT_CLASS = YES_ERROR;
				CLANG_WARN_QUOTED_INCLUDE_IN_FRAMEWORK_HEADER = YES;
				CLANG_WARN_RANGE_LOOP_ANALYSIS = YES;
				CLANG_WARN_STRICT_PROTOTYPES = YES;
				CLANG_WARN_SUSPICIOUS_MOVE = YES;
				CLANG_WARN_UNGUARDED_AVAILABILITY = YES_AGGRESSIVE;
				CLANG_WARN_UNREACHABLE_CODE = YES;
				CLANG_WARN__DUPLICATE_METHOD_MATCH = YES;
				COPY_PHASE_STRIP = NO;
				DEBUG_INFORMATION_FORMAT = "dwarf-with-dsym";
				ENABLE_NS_ASSERTIONS = NO;
				ENABLE_STRICT_OBJC_MSGSEND = YES;
				GCC_C_LANGUAGE_STANDARD = gnu11;
				GCC_NO_COMMON_BLOCKS = YES;
				GCC_WARN_64_TO_32_BIT_CONVERSION = YES;
				GCC_WARN_ABOUT_RETURN_TYPE = YES_ERROR;
				GCC_WARN_UNDECLARED_SELECTOR = YES;
				GCC_WARN_UNINITIALIZED_AUTOS = YES_AGGRESSIVE;
				GCC_WARN_UNUSED_FUNCTION = YES;
				GCC_WARN_UNUSED_VARIABLE = YES;
				IPHONEOS_DEPLOYMENT_TARGET = 16.2;
				MTL_ENABLE_DEBUG_INFO = NO;
				MTL_FAST_MATH = YES;
				SDKROOT = iphoneos;
				SWIFT_COMPILATION_MODE = wholemodule;
				SWIFT_OPTIMIZATION_LEVEL = "-O";
				VALIDATE_PRODUCT = YES;
			};
			name = Release;
		};
		168D57052BD3CE010034AEA2 /* Debug */ = {
			isa = XCBuildConfiguration;
			buildSettings = {
				ASSETCATALOG_COMPILER_APPICON_NAME = AppIcon;
				ASSETCATALOG_COMPILER_GLOBAL_ACCENT_COLOR_NAME = AccentColor;
				CODE_SIGN_STYLE = Automatic;
				CURRENT_PROJECT_VERSION = 1;
				DEVELOPMENT_ASSET_PATHS = "\"BetterFlashcards/Preview Content\"";
				DEVELOPMENT_TEAM = B5ZCY8Y722;
				ENABLE_PREVIEWS = YES;
				GENERATE_INFOPLIST_FILE = YES;
				INFOPLIST_FILE = BetterFlashcards/Info.plist;
				INFOPLIST_KEY_UIApplicationSceneManifest_Generation = YES;
				INFOPLIST_KEY_UIApplicationSupportsIndirectInputEvents = YES;
				INFOPLIST_KEY_UILaunchScreen_Generation = YES;
				INFOPLIST_KEY_UISupportedInterfaceOrientations_iPad = "UIInterfaceOrientationPortrait UIInterfaceOrientationPortraitUpsideDown UIInterfaceOrientationLandscapeLeft UIInterfaceOrientationLandscapeRight";
				INFOPLIST_KEY_UISupportedInterfaceOrientations_iPhone = "UIInterfaceOrientationPortrait UIInterfaceOrientationLandscapeLeft UIInterfaceOrientationLandscapeRight";
				LD_RUNPATH_SEARCH_PATHS = (
					"$(inherited)",
					"@executable_path/Frameworks",
				);
				MARKETING_VERSION = 1.0;
				PRODUCT_BUNDLE_IDENTIFIER = net.koshakji.BetterFlashcards;
				PRODUCT_NAME = "$(TARGET_NAME)";
				SWIFT_EMIT_LOC_STRINGS = YES;
				SWIFT_VERSION = 5.0;
				TARGETED_DEVICE_FAMILY = "1,2";
			};
			name = Debug;
		};
		168D57062BD3CE010034AEA2 /* Release */ = {
			isa = XCBuildConfiguration;
			buildSettings = {
				ASSETCATALOG_COMPILER_APPICON_NAME = AppIcon;
				ASSETCATALOG_COMPILER_GLOBAL_ACCENT_COLOR_NAME = AccentColor;
				CODE_SIGN_STYLE = Automatic;
				CURRENT_PROJECT_VERSION = 1;
				DEVELOPMENT_ASSET_PATHS = "\"BetterFlashcards/Preview Content\"";
				DEVELOPMENT_TEAM = B5ZCY8Y722;
				ENABLE_PREVIEWS = YES;
				GENERATE_INFOPLIST_FILE = YES;
				INFOPLIST_FILE = BetterFlashcards/Info.plist;
				INFOPLIST_KEY_UIApplicationSceneManifest_Generation = YES;
				INFOPLIST_KEY_UIApplicationSupportsIndirectInputEvents = YES;
				INFOPLIST_KEY_UILaunchScreen_Generation = YES;
				INFOPLIST_KEY_UISupportedInterfaceOrientations_iPad = "UIInterfaceOrientationPortrait UIInterfaceOrientationPortraitUpsideDown UIInterfaceOrientationLandscapeLeft UIInterfaceOrientationLandscapeRight";
				INFOPLIST_KEY_UISupportedInterfaceOrientations_iPhone = "UIInterfaceOrientationPortrait UIInterfaceOrientationLandscapeLeft UIInterfaceOrientationLandscapeRight";
				LD_RUNPATH_SEARCH_PATHS = (
					"$(inherited)",
					"@executable_path/Frameworks",
				);
				MARKETING_VERSION = 1.0;
				PRODUCT_BUNDLE_IDENTIFIER = net.koshakji.BetterFlashcards;
				PRODUCT_NAME = "$(TARGET_NAME)";
				SWIFT_EMIT_LOC_STRINGS = YES;
				SWIFT_VERSION = 5.0;
				TARGETED_DEVICE_FAMILY = "1,2";
			};
			name = Release;
		};
		168D57082BD3CE010034AEA2 /* Debug */ = {
			isa = XCBuildConfiguration;
			buildSettings = {
				ALWAYS_EMBED_SWIFT_STANDARD_LIBRARIES = YES;
				BUNDLE_LOADER = "$(TEST_HOST)";
				CODE_SIGN_STYLE = Automatic;
				CURRENT_PROJECT_VERSION = 1;
				DEVELOPMENT_TEAM = B5ZCY8Y722;
				GENERATE_INFOPLIST_FILE = YES;
				IPHONEOS_DEPLOYMENT_TARGET = 16.2;
				MARKETING_VERSION = 1.0;
				PRODUCT_BUNDLE_IDENTIFIER = net.koshakji.BetterFlashcardsTests;
				PRODUCT_NAME = "$(TARGET_NAME)";
				SWIFT_EMIT_LOC_STRINGS = NO;
				SWIFT_VERSION = 5.0;
				TARGETED_DEVICE_FAMILY = "1,2";
				TEST_HOST = "$(BUILT_PRODUCTS_DIR)/BetterFlashcards.app/$(BUNDLE_EXECUTABLE_FOLDER_PATH)/BetterFlashcards";
			};
			name = Debug;
		};
		168D57092BD3CE010034AEA2 /* Release */ = {
			isa = XCBuildConfiguration;
			buildSettings = {
				ALWAYS_EMBED_SWIFT_STANDARD_LIBRARIES = YES;
				BUNDLE_LOADER = "$(TEST_HOST)";
				CODE_SIGN_STYLE = Automatic;
				CURRENT_PROJECT_VERSION = 1;
				DEVELOPMENT_TEAM = B5ZCY8Y722;
				GENERATE_INFOPLIST_FILE = YES;
				IPHONEOS_DEPLOYMENT_TARGET = 16.2;
				MARKETING_VERSION = 1.0;
				PRODUCT_BUNDLE_IDENTIFIER = net.koshakji.BetterFlashcardsTests;
				PRODUCT_NAME = "$(TARGET_NAME)";
				SWIFT_EMIT_LOC_STRINGS = NO;
				SWIFT_VERSION = 5.0;
				TARGETED_DEVICE_FAMILY = "1,2";
				TEST_HOST = "$(BUILT_PRODUCTS_DIR)/BetterFlashcards.app/$(BUNDLE_EXECUTABLE_FOLDER_PATH)/BetterFlashcards";
			};
			name = Release;
		};
		168D570B2BD3CE010034AEA2 /* Debug */ = {
			isa = XCBuildConfiguration;
			buildSettings = {
				ALWAYS_EMBED_SWIFT_STANDARD_LIBRARIES = YES;
				CODE_SIGN_STYLE = Automatic;
				CURRENT_PROJECT_VERSION = 1;
				DEVELOPMENT_TEAM = B5ZCY8Y722;
				GENERATE_INFOPLIST_FILE = YES;
				MARKETING_VERSION = 1.0;
				PRODUCT_BUNDLE_IDENTIFIER = net.koshakji.BetterFlashcardsUITests;
				PRODUCT_NAME = "$(TARGET_NAME)";
				SWIFT_EMIT_LOC_STRINGS = NO;
				SWIFT_VERSION = 5.0;
				TARGETED_DEVICE_FAMILY = "1,2";
				TEST_TARGET_NAME = BetterFlashcards;
			};
			name = Debug;
		};
		168D570C2BD3CE010034AEA2 /* Release */ = {
			isa = XCBuildConfiguration;
			buildSettings = {
				ALWAYS_EMBED_SWIFT_STANDARD_LIBRARIES = YES;
				CODE_SIGN_STYLE = Automatic;
				CURRENT_PROJECT_VERSION = 1;
				DEVELOPMENT_TEAM = B5ZCY8Y722;
				GENERATE_INFOPLIST_FILE = YES;
				MARKETING_VERSION = 1.0;
				PRODUCT_BUNDLE_IDENTIFIER = net.koshakji.BetterFlashcardsUITests;
				PRODUCT_NAME = "$(TARGET_NAME)";
				SWIFT_EMIT_LOC_STRINGS = NO;
				SWIFT_VERSION = 5.0;
				TARGETED_DEVICE_FAMILY = "1,2";
				TEST_TARGET_NAME = BetterFlashcards;
			};
			name = Release;
		};
/* End XCBuildConfiguration section */

/* Begin XCConfigurationList section */
		168D56DB2BD3CDFE0034AEA2 /* Build configuration list for PBXProject "BetterFlashcards" */ = {
			isa = XCConfigurationList;
			buildConfigurations = (
				168D57022BD3CE010034AEA2 /* Debug */,
				168D57032BD3CE010034AEA2 /* Release */,
			);
			defaultConfigurationIsVisible = 0;
			defaultConfigurationName = Release;
		};
		168D57042BD3CE010034AEA2 /* Build configuration list for PBXNativeTarget "BetterFlashcards" */ = {
			isa = XCConfigurationList;
			buildConfigurations = (
				168D57052BD3CE010034AEA2 /* Debug */,
				168D57062BD3CE010034AEA2 /* Release */,
			);
			defaultConfigurationIsVisible = 0;
			defaultConfigurationName = Release;
		};
		168D57072BD3CE010034AEA2 /* Build configuration list for PBXNativeTarget "BetterFlashcardsTests" */ = {
			isa = XCConfigurationList;
			buildConfigurations = (
				168D57082BD3CE010034AEA2 /* Debug */,
				168D57092BD3CE010034AEA2 /* Release */,
			);
			defaultConfigurationIsVisible = 0;
			defaultConfigurationName = Release;
		};
		168D570A2BD3CE010034AEA2 /* Build configuration list for PBXNativeTarget "BetterFlashcardsUITests" */ = {
			isa = XCConfigurationList;
			buildConfigurations = (
				168D570B2BD3CE010034AEA2 /* Debug */,
				168D570C2BD3CE010034AEA2 /* Release */,
			);
			defaultConfigurationIsVisible = 0;
			defaultConfigurationName = Release;
		};
/* End XCConfigurationList section */

/* Begin XCRemoteSwiftPackageReference section */
		168D57312BD3D2F00034AEA2 /* XCRemoteSwiftPackageReference "APIClient" */ = {
			isa = XCRemoteSwiftPackageReference;
			repositoryURL = "https://github.com/koshakji/APIClient";
			requirement = {
				kind = upToNextMajorVersion;
				minimumVersion = 0.0.8;
			};
		};
		168D57342BD3D3140034AEA2 /* XCRemoteSwiftPackageReference "DIContainer" */ = {
			isa = XCRemoteSwiftPackageReference;
			repositoryURL = "https://github.com/koshakji/DIContainer.swift";
			requirement = {
				kind = upToNextMajorVersion;
				minimumVersion = 0.0.5;
			};
		};
		168D57372BD3D33C0034AEA2 /* XCRemoteSwiftPackageReference "GRDBQuery" */ = {
			isa = XCRemoteSwiftPackageReference;
			repositoryURL = "https://github.com/groue/GRDBQuery";
			requirement = {
				kind = upToNextMajorVersion;
				minimumVersion = 0.8.0;
			};
		};
		16F31DE12BD598CA00BCC67B /* XCRemoteSwiftPackageReference "swift-identified-collections" */ = {
			isa = XCRemoteSwiftPackageReference;
			repositoryURL = "https://github.com/pointfreeco/swift-identified-collections";
			requirement = {
				kind = upToNextMajorVersion;
				minimumVersion = 1.0.0;
			};
		};
/* End XCRemoteSwiftPackageReference section */

/* Begin XCSwiftPackageProductDependency section */
		168D57322BD3D2F00034AEA2 /* APIClient */ = {
			isa = XCSwiftPackageProductDependency;
			package = 168D57312BD3D2F00034AEA2 /* XCRemoteSwiftPackageReference "APIClient" */;
			productName = APIClient;
		};
		168D57352BD3D3140034AEA2 /* DIContainer */ = {
			isa = XCSwiftPackageProductDependency;
			package = 168D57342BD3D3140034AEA2 /* XCRemoteSwiftPackageReference "DIContainer" */;
			productName = DIContainer;
		};
		168D57382BD3D33C0034AEA2 /* GRDBQuery */ = {
			isa = XCSwiftPackageProductDependency;
			package = 168D57372BD3D33C0034AEA2 /* XCRemoteSwiftPackageReference "GRDBQuery" */;
			productName = GRDBQuery;
		};
		16F31DE22BD598CA00BCC67B /* IdentifiedCollections */ = {
			isa = XCSwiftPackageProductDependency;
			package = 16F31DE12BD598CA00BCC67B /* XCRemoteSwiftPackageReference "swift-identified-collections" */;
			productName = IdentifiedCollections;
		};
/* End XCSwiftPackageProductDependency section */
	};
	rootObject = 168D56D82BD3CDFE0034AEA2 /* Project object */;
}
